// !$*UTF8*$!
{
	archiveVersion = 1;
	classes = {
	};
	objectVersion = 46;
	objects = {

/* Begin PBXBuildFile section */
		F09209421DC13EFB0057302F /* Assets.xcassets in Resources */ = {isa = PBXBuildFile; fileRef = F09209411DC13EFB0057302F /* Assets.xcassets */; };
		F09209451DC13EFB0057302F /* LaunchScreen.storyboard in Resources */ = {isa = PBXBuildFile; fileRef = F09209431DC13EFB0057302F /* LaunchScreen.storyboard */; };
		F09209821DC146300057302F /* AppDelegate.swift in Sources */ = {isa = PBXBuildFile; fileRef = F092096F1DC146300057302F /* AppDelegate.swift */; };
		F09209A11DC14A7F0057302F /* ApplicationAssembly.swift in Sources */ = {isa = PBXBuildFile; fileRef = F09209921DC14A7F0057302F /* ApplicationAssembly.swift */; };
		F09209A21DC14A7F0057302F /* ApplicationAssemblyImpl.swift in Sources */ = {isa = PBXBuildFile; fileRef = F09209931DC14A7F0057302F /* ApplicationAssemblyImpl.swift */; };
		F09209A31DC14A7F0057302F /* ApplicationInteractor.swift in Sources */ = {isa = PBXBuildFile; fileRef = F09209951DC14A7F0057302F /* ApplicationInteractor.swift */; };
		F09209A41DC14A7F0057302F /* ApplicationInteractorImpl.swift in Sources */ = {isa = PBXBuildFile; fileRef = F09209961DC14A7F0057302F /* ApplicationInteractorImpl.swift */; };
		F09209A61DC14A7F0057302F /* ApplicationPresenter.swift in Sources */ = {isa = PBXBuildFile; fileRef = F09209991DC14A7F0057302F /* ApplicationPresenter.swift */; };
		F09209A71DC14A7F0057302F /* ApplicationRouter.swift in Sources */ = {isa = PBXBuildFile; fileRef = F092099B1DC14A7F0057302F /* ApplicationRouter.swift */; };
		F09209A81DC14A7F0057302F /* ApplicationRouterImpl.swift in Sources */ = {isa = PBXBuildFile; fileRef = F092099C1DC14A7F0057302F /* ApplicationRouterImpl.swift */; };
		F09209B41DC1502B0057302F /* AssemblyFactory.swift in Sources */ = {isa = PBXBuildFile; fileRef = F09209B31DC1502B0057302F /* AssemblyFactory.swift */; };
		F09209B61DC150CB0057302F /* AssemblyFactoryImpl.swift in Sources */ = {isa = PBXBuildFile; fileRef = F09209B51DC150CB0057302F /* AssemblyFactoryImpl.swift */; };
		F09209B81DC1513B0057302F /* BaseRouter.swift in Sources */ = {isa = PBXBuildFile; fileRef = F09209B71DC1513B0057302F /* BaseRouter.swift */; };
		F09209BD1DC1524E0057302F /* BaseAssembly.swift in Sources */ = {isa = PBXBuildFile; fileRef = F09209BC1DC1524E0057302F /* BaseAssembly.swift */; };
		F0A115161DC6229500A4DC76 /* BaseViewController.swift in Sources */ = {isa = PBXBuildFile; fileRef = F0A115151DC6229500A4DC76 /* BaseViewController.swift */; };
		F0A1151A1DC622D900A4DC76 /* BaseNavigationController.swift in Sources */ = {isa = PBXBuildFile; fileRef = F0A115191DC622D900A4DC76 /* BaseNavigationController.swift */; };
		F0A115241DC629CE00A4DC76 /* SessionInfo.swift in Sources */ = {isa = PBXBuildFile; fileRef = F0A115231DC629CE00A4DC76 /* SessionInfo.swift */; };
		F0A1152B1DC62C8000A4DC76 /* ViewDebugRegistrationService.swift in Sources */ = {isa = PBXBuildFile; fileRef = F0A1152A1DC62C8000A4DC76 /* ViewDebugRegistrationService.swift */; };
		F0A1152D1DC62CB300A4DC76 /* RegistrationService.swift in Sources */ = {isa = PBXBuildFile; fileRef = F0A1152C1DC62CB300A4DC76 /* RegistrationService.swift */; };
		F0A115301DC62D2000A4DC76 /* DataResult.swift in Sources */ = {isa = PBXBuildFile; fileRef = F0A1152F1DC62D2000A4DC76 /* DataResult.swift */; };
		F0A115331DC62DB600A4DC76 /* NetworkError.swift in Sources */ = {isa = PBXBuildFile; fileRef = F0A115321DC62DB600A4DC76 /* NetworkError.swift */; };
		F0A115351DC6309F00A4DC76 /* ServiceFactory.swift in Sources */ = {isa = PBXBuildFile; fileRef = F0A115341DC6309F00A4DC76 /* ServiceFactory.swift */; };
		F0A115381DC630DD00A4DC76 /* ViewDebugServiceFactory.swift in Sources */ = {isa = PBXBuildFile; fileRef = F0A115371DC630DD00A4DC76 /* ViewDebugServiceFactory.swift */; };
/* End PBXBuildFile section */

/* Begin PBXFileReference section */
		F09209371DC13EFB0057302F /* Dricom.app */ = {isa = PBXFileReference; explicitFileType = wrapper.application; includeInIndex = 0; path = Dricom.app; sourceTree = BUILT_PRODUCTS_DIR; };
		F09209411DC13EFB0057302F /* Assets.xcassets */ = {isa = PBXFileReference; lastKnownFileType = folder.assetcatalog; path = Assets.xcassets; sourceTree = "<group>"; };
		F09209441DC13EFB0057302F /* Base */ = {isa = PBXFileReference; lastKnownFileType = file.storyboard; name = Base; path = Base.lproj/LaunchScreen.storyboard; sourceTree = "<group>"; };
		F09209461DC13EFB0057302F /* Info.plist */ = {isa = PBXFileReference; lastKnownFileType = text.plist.xml; path = Info.plist; sourceTree = "<group>"; };
		F092096F1DC146300057302F /* AppDelegate.swift */ = {isa = PBXFileReference; fileEncoding = 4; lastKnownFileType = sourcecode.swift; path = AppDelegate.swift; sourceTree = "<group>"; };
		F09209921DC14A7F0057302F /* ApplicationAssembly.swift */ = {isa = PBXFileReference; fileEncoding = 4; lastKnownFileType = sourcecode.swift; path = ApplicationAssembly.swift; sourceTree = "<group>"; };
		F09209931DC14A7F0057302F /* ApplicationAssemblyImpl.swift */ = {isa = PBXFileReference; fileEncoding = 4; lastKnownFileType = sourcecode.swift; path = ApplicationAssemblyImpl.swift; sourceTree = "<group>"; };
		F09209951DC14A7F0057302F /* ApplicationInteractor.swift */ = {isa = PBXFileReference; fileEncoding = 4; lastKnownFileType = sourcecode.swift; path = ApplicationInteractor.swift; sourceTree = "<group>"; };
		F09209961DC14A7F0057302F /* ApplicationInteractorImpl.swift */ = {isa = PBXFileReference; fileEncoding = 4; lastKnownFileType = sourcecode.swift; path = ApplicationInteractorImpl.swift; sourceTree = "<group>"; };
		F09209991DC14A7F0057302F /* ApplicationPresenter.swift */ = {isa = PBXFileReference; fileEncoding = 4; lastKnownFileType = sourcecode.swift; path = ApplicationPresenter.swift; sourceTree = "<group>"; };
		F092099B1DC14A7F0057302F /* ApplicationRouter.swift */ = {isa = PBXFileReference; fileEncoding = 4; lastKnownFileType = sourcecode.swift; path = ApplicationRouter.swift; sourceTree = "<group>"; };
		F092099C1DC14A7F0057302F /* ApplicationRouterImpl.swift */ = {isa = PBXFileReference; fileEncoding = 4; lastKnownFileType = sourcecode.swift; path = ApplicationRouterImpl.swift; sourceTree = "<group>"; };
		F09209B31DC1502B0057302F /* AssemblyFactory.swift */ = {isa = PBXFileReference; fileEncoding = 4; lastKnownFileType = sourcecode.swift; path = AssemblyFactory.swift; sourceTree = "<group>"; };
		F09209B51DC150CB0057302F /* AssemblyFactoryImpl.swift */ = {isa = PBXFileReference; fileEncoding = 4; lastKnownFileType = sourcecode.swift; path = AssemblyFactoryImpl.swift; sourceTree = "<group>"; };
		F09209B71DC1513B0057302F /* BaseRouter.swift */ = {isa = PBXFileReference; fileEncoding = 4; lastKnownFileType = sourcecode.swift; name = BaseRouter.swift; path = Router/BaseRouter.swift; sourceTree = "<group>"; };
		F09209BC1DC1524E0057302F /* BaseAssembly.swift */ = {isa = PBXFileReference; fileEncoding = 4; lastKnownFileType = sourcecode.swift; name = BaseAssembly.swift; path = Assembly/BaseAssembly.swift; sourceTree = "<group>"; };
		F0A115151DC6229500A4DC76 /* BaseViewController.swift */ = {isa = PBXFileReference; fileEncoding = 4; lastKnownFileType = sourcecode.swift; name = BaseViewController.swift; path = Dricom/Source/Presentation/ViewControllers/BaseViewController.swift; sourceTree = SOURCE_ROOT; };
		F0A115191DC622D900A4DC76 /* BaseNavigationController.swift */ = {isa = PBXFileReference; fileEncoding = 4; lastKnownFileType = sourcecode.swift; name = BaseNavigationController.swift; path = Dricom/Source/Presentation/ViewControllers/BaseNavigationController.swift; sourceTree = SOURCE_ROOT; };
		F0A115231DC629CE00A4DC76 /* SessionInfo.swift */ = {isa = PBXFileReference; fileEncoding = 4; lastKnownFileType = sourcecode.swift; path = SessionInfo.swift; sourceTree = "<group>"; };
		F0A1152A1DC62C8000A4DC76 /* ViewDebugRegistrationService.swift */ = {isa = PBXFileReference; fileEncoding = 4; lastKnownFileType = sourcecode.swift; name = ViewDebugRegistrationService.swift; path = Dricom/Source/VIPER/Services/ViewDebug/ViewDebugRegistrationService.swift; sourceTree = SOURCE_ROOT; };
		F0A1152C1DC62CB300A4DC76 /* RegistrationService.swift */ = {isa = PBXFileReference; fileEncoding = 4; lastKnownFileType = sourcecode.swift; name = RegistrationService.swift; path = Dricom/Source/VIPER/Services/Interface/RegistrationService.swift; sourceTree = SOURCE_ROOT; };
		F0A1152F1DC62D2000A4DC76 /* DataResult.swift */ = {isa = PBXFileReference; fileEncoding = 4; lastKnownFileType = sourcecode.swift; name = DataResult.swift; path = Core/Common/DataResult.swift; sourceTree = "<group>"; };
		F0A115321DC62DB600A4DC76 /* NetworkError.swift */ = {isa = PBXFileReference; fileEncoding = 4; lastKnownFileType = sourcecode.swift; name = NetworkError.swift; path = Core/Common/NetworkError.swift; sourceTree = "<group>"; };
		F0A115341DC6309F00A4DC76 /* ServiceFactory.swift */ = {isa = PBXFileReference; fileEncoding = 4; lastKnownFileType = sourcecode.swift; name = ServiceFactory.swift; path = Dricom/Source/VIPER/Services/Factory/ServiceFactory.swift; sourceTree = SOURCE_ROOT; };
		F0A115371DC630DD00A4DC76 /* ViewDebugServiceFactory.swift */ = {isa = PBXFileReference; fileEncoding = 4; lastKnownFileType = sourcecode.swift; name = ViewDebugServiceFactory.swift; path = Dricom/Source/VIPER/Services/Factory/ViewDebugServiceFactory.swift; sourceTree = SOURCE_ROOT; };
/* End PBXFileReference section */

/* Begin PBXFrameworksBuildPhase section */
		F09209341DC13EFB0057302F /* Frameworks */ = {
			isa = PBXFrameworksBuildPhase;
			buildActionMask = 2147483647;
			files = (
			);
			runOnlyForDeploymentPostprocessing = 0;
		};
/* End PBXFrameworksBuildPhase section */

/* Begin PBXGroup section */
		F092092E1DC13EFB0057302F = {
			isa = PBXGroup;
			children = (
				F09209391DC13EFB0057302F /* Dricom */,
				F09209381DC13EFB0057302F /* Products */,
			);
			sourceTree = "<group>";
		};
		F09209381DC13EFB0057302F /* Products */ = {
			isa = PBXGroup;
			children = (
				F09209371DC13EFB0057302F /* Dricom.app */,
			);
			name = Products;
			sourceTree = "<group>";
		};
		F09209391DC13EFB0057302F /* Dricom */ = {
			isa = PBXGroup;
			children = (
				F092096D1DC146300057302F /* Source */,
				F092094C1DC141D80057302F /* Resources */,
				F092094D1DC141E20057302F /* Supporting files */,
			);
			path = Dricom;
			sourceTree = "<group>";
		};
		F092094C1DC141D80057302F /* Resources */ = {
			isa = PBXGroup;
			children = (
				F09209411DC13EFB0057302F /* Assets.xcassets */,
				F09209431DC13EFB0057302F /* LaunchScreen.storyboard */,
			);
			name = Resources;
			sourceTree = "<group>";
		};
		F092094D1DC141E20057302F /* Supporting files */ = {
			isa = PBXGroup;
			children = (
				F09209461DC13EFB0057302F /* Info.plist */,
			);
			name = "Supporting files";
			sourceTree = "<group>";
		};
		F092096D1DC146300057302F /* Source */ = {
			isa = PBXGroup;
			children = (
				F092096E1DC146300057302F /* Application */,
				F09209701DC146300057302F /* VIPER */,
				F0A115171DC622A100A4DC76 /* Presentation */,
				F0A1151D1DC6284400A4DC76 /* Core */,
			);
			path = Source;
			sourceTree = "<group>";
		};
		F092096E1DC146300057302F /* Application */ = {
			isa = PBXGroup;
			children = (
				F092096F1DC146300057302F /* AppDelegate.swift */,
			);
			path = Application;
			sourceTree = "<group>";
		};
		F09209701DC146300057302F /* VIPER */ = {
			isa = PBXGroup;
			children = (
				F09209B11DC1502B0057302F /* Common */,
				F09209901DC14A7F0057302F /* Application */,
				F0A115271DC62C2E00A4DC76 /* Services */,
			);
			path = VIPER;
			sourceTree = "<group>";
		};
		F09209901DC14A7F0057302F /* Application */ = {
			isa = PBXGroup;
			children = (
				F09209911DC14A7F0057302F /* Assembly */,
				F09209941DC14A7F0057302F /* Interactor */,
				F09209971DC14A7F0057302F /* Presenter */,
				F092099A1DC14A7F0057302F /* Router */,
			);
			path = Application;
			sourceTree = "<group>";
		};
		F09209911DC14A7F0057302F /* Assembly */ = {
			isa = PBXGroup;
			children = (
				F09209921DC14A7F0057302F /* ApplicationAssembly.swift */,
				F09209931DC14A7F0057302F /* ApplicationAssemblyImpl.swift */,
			);
			path = Assembly;
			sourceTree = "<group>";
		};
		F09209941DC14A7F0057302F /* Interactor */ = {
			isa = PBXGroup;
			children = (
				F09209951DC14A7F0057302F /* ApplicationInteractor.swift */,
				F09209961DC14A7F0057302F /* ApplicationInteractorImpl.swift */,
			);
			path = Interactor;
			sourceTree = "<group>";
		};
		F09209971DC14A7F0057302F /* Presenter */ = {
			isa = PBXGroup;
			children = (
				F09209991DC14A7F0057302F /* ApplicationPresenter.swift */,
			);
			path = Presenter;
			sourceTree = "<group>";
		};
		F092099A1DC14A7F0057302F /* Router */ = {
			isa = PBXGroup;
			children = (
				F092099B1DC14A7F0057302F /* ApplicationRouter.swift */,
				F092099C1DC14A7F0057302F /* ApplicationRouterImpl.swift */,
			);
			path = Router;
			sourceTree = "<group>";
		};
		F09209B11DC1502B0057302F /* Common */ = {
			isa = PBXGroup;
			children = (
				F09209B21DC1502B0057302F /* AssemblyFactory */,
				F09209BE1DC152530057302F /* Assembly */,
				F09209B91DC151400057302F /* Router */,
			);
			path = Common;
			sourceTree = "<group>";
		};
		F09209B21DC1502B0057302F /* AssemblyFactory */ = {
			isa = PBXGroup;
			children = (
				F09209B31DC1502B0057302F /* AssemblyFactory.swift */,
				F09209B51DC150CB0057302F /* AssemblyFactoryImpl.swift */,
			);
			path = AssemblyFactory;
			sourceTree = "<group>";
		};
		F09209B91DC151400057302F /* Router */ = {
			isa = PBXGroup;
			children = (
				F09209B71DC1513B0057302F /* BaseRouter.swift */,
			);
			name = Router;
			sourceTree = "<group>";
		};
		F09209BE1DC152530057302F /* Assembly */ = {
			isa = PBXGroup;
			children = (
				F09209BC1DC1524E0057302F /* BaseAssembly.swift */,
			);
			name = Assembly;
			sourceTree = "<group>";
		};
		F0A115171DC622A100A4DC76 /* Presentation */ = {
			isa = PBXGroup;
			children = (
				F0A115181DC622AB00A4DC76 /* ViewControllers */,
			);
			name = Presentation;
			path = VIPER;
			sourceTree = "<group>";
		};
		F0A115181DC622AB00A4DC76 /* ViewControllers */ = {
			isa = PBXGroup;
			children = (
				F0A115151DC6229500A4DC76 /* BaseViewController.swift */,
				F0A115191DC622D900A4DC76 /* BaseNavigationController.swift */,
			);
			name = ViewControllers;
			sourceTree = "<group>";
		};
		F0A1151D1DC6284400A4DC76 /* Core */ = {
			isa = PBXGroup;
			children = (
				F0A115311DC62D2300A4DC76 /* Common */,
				F0A115221DC629CE00A4DC76 /* Model */,
				F0A1151E1DC6284B00A4DC76 /* Networking */,
			);
			name = Core;
			sourceTree = "<group>";
		};
		F0A1151E1DC6284B00A4DC76 /* Networking */ = {
			isa = PBXGroup;
			children = (
			);
			name = Networking;
			sourceTree = "<group>";
		};
		F0A115221DC629CE00A4DC76 /* Model */ = {
			isa = PBXGroup;
			children = (
				F0A115231DC629CE00A4DC76 /* SessionInfo.swift */,
			);
			name = Model;
			path = Core/Model;
			sourceTree = "<group>";
		};
		F0A115271DC62C2E00A4DC76 /* Services */ = {
			isa = PBXGroup;
			children = (
				F0A115361DC630A500A4DC76 /* Factory */,
				F0A1152E1DC62CB800A4DC76 /* Interface */,
				F0A115291DC62C6900A4DC76 /* Network */,
				F0A115281DC62C3700A4DC76 /* ViewDebug */,
			);
			name = Services;
			path = Application;
			sourceTree = "<group>";
		};
		F0A115281DC62C3700A4DC76 /* ViewDebug */ = {
			isa = PBXGroup;
			children = (
				F0A1152A1DC62C8000A4DC76 /* ViewDebugRegistrationService.swift */,
			);
			name = ViewDebug;
			sourceTree = "<group>";
		};
		F0A115291DC62C6900A4DC76 /* Network */ = {
			isa = PBXGroup;
			children = (
			);
			name = Network;
			path = Dricom/Source/VIPER/Services/Network;
			sourceTree = SOURCE_ROOT;
		};
		F0A1152E1DC62CB800A4DC76 /* Interface */ = {
			isa = PBXGroup;
			children = (
				F0A1152C1DC62CB300A4DC76 /* RegistrationService.swift */,
			);
			name = Interface;
			sourceTree = "<group>";
		};
		F0A115311DC62D2300A4DC76 /* Common */ = {
			isa = PBXGroup;
			children = (
				F0A1152F1DC62D2000A4DC76 /* DataResult.swift */,
				F0A115321DC62DB600A4DC76 /* NetworkError.swift */,
			);
			name = Common;
			sourceTree = "<group>";
		};
		F0A115361DC630A500A4DC76 /* Factory */ = {
			isa = PBXGroup;
			children = (
				F0A115341DC6309F00A4DC76 /* ServiceFactory.swift */,
				F0A115371DC630DD00A4DC76 /* ViewDebugServiceFactory.swift */,
			);
			name = Factory;
			sourceTree = "<group>";
		};
/* End PBXGroup section */

/* Begin PBXNativeTarget section */
		F09209361DC13EFB0057302F /* Dricom */ = {
			isa = PBXNativeTarget;
			buildConfigurationList = F09209491DC13EFB0057302F /* Build configuration list for PBXNativeTarget "Dricom" */;
			buildPhases = (
				F09209331DC13EFB0057302F /* Sources */,
				F09209341DC13EFB0057302F /* Frameworks */,
				F09209351DC13EFB0057302F /* Resources */,
			);
			buildRules = (
			);
			dependencies = (
			);
			name = Dricom;
			productName = Dricom;
			productReference = F09209371DC13EFB0057302F /* Dricom.app */;
			productType = "com.apple.product-type.application";
		};
/* End PBXNativeTarget section */

/* Begin PBXProject section */
		F092092F1DC13EFB0057302F /* Project object */ = {
			isa = PBXProject;
			attributes = {
				LastSwiftUpdateCheck = 0800;
				LastUpgradeCheck = 0800;
				ORGANIZATIONNAME = Dricom;
				TargetAttributes = {
					F09209361DC13EFB0057302F = {
						CreatedOnToolsVersion = 8.0;
						DevelopmentTeam = RU54DQG53V;
						ProvisioningStyle = Automatic;
					};
				};
			};
			buildConfigurationList = F09209321DC13EFB0057302F /* Build configuration list for PBXProject "Dricom" */;
			compatibilityVersion = "Xcode 3.2";
			developmentRegion = English;
			hasScannedForEncodings = 0;
			knownRegions = (
				en,
				Base,
			);
			mainGroup = F092092E1DC13EFB0057302F;
			productRefGroup = F09209381DC13EFB0057302F /* Products */;
			projectDirPath = "";
			projectRoot = "";
			targets = (
				F09209361DC13EFB0057302F /* Dricom */,
			);
		};
/* End PBXProject section */

/* Begin PBXResourcesBuildPhase section */
		F09209351DC13EFB0057302F /* Resources */ = {
			isa = PBXResourcesBuildPhase;
			buildActionMask = 2147483647;
			files = (
				F09209451DC13EFB0057302F /* LaunchScreen.storyboard in Resources */,
				F09209421DC13EFB0057302F /* Assets.xcassets in Resources */,
			);
			runOnlyForDeploymentPostprocessing = 0;
		};
/* End PBXResourcesBuildPhase section */

/* Begin PBXSourcesBuildPhase section */
		F09209331DC13EFB0057302F /* Sources */ = {
			isa = PBXSourcesBuildPhase;
			buildActionMask = 2147483647;
			files = (
				F0A115351DC6309F00A4DC76 /* ServiceFactory.swift in Sources */,
				F0A115161DC6229500A4DC76 /* BaseViewController.swift in Sources */,
				F0A1152D1DC62CB300A4DC76 /* RegistrationService.swift in Sources */,
				F09209A61DC14A7F0057302F /* ApplicationPresenter.swift in Sources */,
				F09209A11DC14A7F0057302F /* ApplicationAssembly.swift in Sources */,
				F09209A31DC14A7F0057302F /* ApplicationInteractor.swift in Sources */,
				F09209821DC146300057302F /* AppDelegate.swift in Sources */,
				F09209B61DC150CB0057302F /* AssemblyFactoryImpl.swift in Sources */,
				F0A1152B1DC62C8000A4DC76 /* ViewDebugRegistrationService.swift in Sources */,
				F09209A21DC14A7F0057302F /* ApplicationAssemblyImpl.swift in Sources */,
				F09209B41DC1502B0057302F /* AssemblyFactory.swift in Sources */,
				F0A1151A1DC622D900A4DC76 /* BaseNavigationController.swift in Sources */,
				F09209B81DC1513B0057302F /* BaseRouter.swift in Sources */,
				F0A115301DC62D2000A4DC76 /* DataResult.swift in Sources */,
				F09209A81DC14A7F0057302F /* ApplicationRouterImpl.swift in Sources */,
				F09209A41DC14A7F0057302F /* ApplicationInteractorImpl.swift in Sources */,
				F09209BD1DC1524E0057302F /* BaseAssembly.swift in Sources */,
				F0A115241DC629CE00A4DC76 /* SessionInfo.swift in Sources */,
				F09209A71DC14A7F0057302F /* ApplicationRouter.swift in Sources */,
				F0A115331DC62DB600A4DC76 /* NetworkError.swift in Sources */,
				F0A115381DC630DD00A4DC76 /* ViewDebugServiceFactory.swift in Sources */,
			);
			runOnlyForDeploymentPostprocessing = 0;
		};
/* End PBXSourcesBuildPhase section */

/* Begin PBXVariantGroup section */
		F09209431DC13EFB0057302F /* LaunchScreen.storyboard */ = {
			isa = PBXVariantGroup;
			children = (
				F09209441DC13EFB0057302F /* Base */,
			);
			name = LaunchScreen.storyboard;
			sourceTree = "<group>";
		};
/* End PBXVariantGroup section */

/* Begin XCBuildConfiguration section */
		F09209471DC13EFB0057302F /* Debug */ = {
			isa = XCBuildConfiguration;
			buildSettings = {
				ALWAYS_SEARCH_USER_PATHS = NO;
				CLANG_ANALYZER_NONNULL = YES;
				CLANG_CXX_LANGUAGE_STANDARD = "gnu++0x";
				CLANG_CXX_LIBRARY = "libc++";
				CLANG_ENABLE_MODULES = YES;
				CLANG_ENABLE_OBJC_ARC = YES;
				CLANG_WARN_BOOL_CONVERSION = YES;
				CLANG_WARN_CONSTANT_CONVERSION = YES;
				CLANG_WARN_DIRECT_OBJC_ISA_USAGE = YES_ERROR;
				CLANG_WARN_DOCUMENTATION_COMMENTS = YES;
				CLANG_WARN_EMPTY_BODY = YES;
				CLANG_WARN_ENUM_CONVERSION = YES;
				CLANG_WARN_INFINITE_RECURSION = YES;
				CLANG_WARN_INT_CONVERSION = YES;
				CLANG_WARN_OBJC_ROOT_CLASS = YES_ERROR;
				CLANG_WARN_SUSPICIOUS_MOVES = YES;
				CLANG_WARN_UNREACHABLE_CODE = YES;
				CLANG_WARN__DUPLICATE_METHOD_MATCH = YES;
				"CODE_SIGN_IDENTITY[sdk=iphoneos*]" = "iPhone Developer";
				COPY_PHASE_STRIP = NO;
				DEBUG_INFORMATION_FORMAT = dwarf;
				ENABLE_STRICT_OBJC_MSGSEND = YES;
				ENABLE_TESTABILITY = YES;
				GCC_C_LANGUAGE_STANDARD = gnu99;
				GCC_DYNAMIC_NO_PIC = NO;
				GCC_NO_COMMON_BLOCKS = YES;
				GCC_OPTIMIZATION_LEVEL = 0;
				GCC_PREPROCESSOR_DEFINITIONS = (
					"DEBUG=1",
					"$(inherited)",
				);
				GCC_WARN_64_TO_32_BIT_CONVERSION = YES;
				GCC_WARN_ABOUT_RETURN_TYPE = YES_ERROR;
				GCC_WARN_UNDECLARED_SELECTOR = YES;
				GCC_WARN_UNINITIALIZED_AUTOS = YES_AGGRESSIVE;
				GCC_WARN_UNUSED_FUNCTION = YES;
				GCC_WARN_UNUSED_VARIABLE = YES;
				IPHONEOS_DEPLOYMENT_TARGET = 10.0;
				MTL_ENABLE_DEBUG_INFO = YES;
				ONLY_ACTIVE_ARCH = YES;
				SDKROOT = iphoneos;
				SWIFT_ACTIVE_COMPILATION_CONDITIONS = DEBUG;
				SWIFT_OPTIMIZATION_LEVEL = "-Onone";
			};
			name = Debug;
		};
		F09209481DC13EFB0057302F /* Release */ = {
			isa = XCBuildConfiguration;
			buildSettings = {
				ALWAYS_SEARCH_USER_PATHS = NO;
				CLANG_ANALYZER_NONNULL = YES;
				CLANG_CXX_LANGUAGE_STANDARD = "gnu++0x";
				CLANG_CXX_LIBRARY = "libc++";
				CLANG_ENABLE_MODULES = YES;
				CLANG_ENABLE_OBJC_ARC = YES;
				CLANG_WARN_BOOL_CONVERSION = YES;
				CLANG_WARN_CONSTANT_CONVERSION = YES;
				CLANG_WARN_DIRECT_OBJC_ISA_USAGE = YES_ERROR;
				CLANG_WARN_DOCUMENTATION_COMMENTS = YES;
				CLANG_WARN_EMPTY_BODY = YES;
				CLANG_WARN_ENUM_CONVERSION = YES;
				CLANG_WARN_INFINITE_RECURSION = YES;
				CLANG_WARN_INT_CONVERSION = YES;
				CLANG_WARN_OBJC_ROOT_CLASS = YES_ERROR;
				CLANG_WARN_SUSPICIOUS_MOVES = YES;
				CLANG_WARN_UNREACHABLE_CODE = YES;
				CLANG_WARN__DUPLICATE_METHOD_MATCH = YES;
				"CODE_SIGN_IDENTITY[sdk=iphoneos*]" = "iPhone Developer";
				COPY_PHASE_STRIP = NO;
				DEBUG_INFORMATION_FORMAT = "dwarf-with-dsym";
				ENABLE_NS_ASSERTIONS = NO;
				ENABLE_STRICT_OBJC_MSGSEND = YES;
				GCC_C_LANGUAGE_STANDARD = gnu99;
				GCC_NO_COMMON_BLOCKS = YES;
				GCC_WARN_64_TO_32_BIT_CONVERSION = YES;
				GCC_WARN_ABOUT_RETURN_TYPE = YES_ERROR;
				GCC_WARN_UNDECLARED_SELECTOR = YES;
				GCC_WARN_UNINITIALIZED_AUTOS = YES_AGGRESSIVE;
				GCC_WARN_UNUSED_FUNCTION = YES;
				GCC_WARN_UNUSED_VARIABLE = YES;
				IPHONEOS_DEPLOYMENT_TARGET = 10.0;
				MTL_ENABLE_DEBUG_INFO = NO;
				SDKROOT = iphoneos;
				SWIFT_OPTIMIZATION_LEVEL = "-Owholemodule";
				VALIDATE_PRODUCT = YES;
			};
			name = Release;
		};
		F092094A1DC13EFB0057302F /* Debug */ = {
			isa = XCBuildConfiguration;
			buildSettings = {
				ASSETCATALOG_COMPILER_APPICON_NAME = AppIcon;
				DEVELOPMENT_TEAM = RU54DQG53V;
				INFOPLIST_FILE = Dricom/Info.plist;
				IPHONEOS_DEPLOYMENT_TARGET = 8.0;
				LD_RUNPATH_SEARCH_PATHS = "$(inherited) @executable_path/Frameworks";
				PRODUCT_BUNDLE_IDENTIFIER = ru.dricom.app;
				PRODUCT_NAME = "$(TARGET_NAME)";
				SWIFT_VERSION = 3.0;
			};
			name = Debug;
		};
		F092094B1DC13EFB0057302F /* Release */ = {
			isa = XCBuildConfiguration;
			buildSettings = {
				ASSETCATALOG_COMPILER_APPICON_NAME = AppIcon;
				DEVELOPMENT_TEAM = RU54DQG53V;
				INFOPLIST_FILE = Dricom/Info.plist;
				IPHONEOS_DEPLOYMENT_TARGET = 8.0;
				LD_RUNPATH_SEARCH_PATHS = "$(inherited) @executable_path/Frameworks";
				PRODUCT_BUNDLE_IDENTIFIER = ru.dricom.app;
				PRODUCT_NAME = "$(TARGET_NAME)";
				SWIFT_VERSION = 3.0;
			};
			name = Release;
		};
/* End XCBuildConfiguration section */

/* Begin XCConfigurationList section */
		F09209321DC13EFB0057302F /* Build configuration list for PBXProject "Dricom" */ = {
			isa = XCConfigurationList;
			buildConfigurations = (
				F09209471DC13EFB0057302F /* Debug */,
				F09209481DC13EFB0057302F /* Release */,
			);
			defaultConfigurationIsVisible = 0;
			defaultConfigurationName = Release;
		};
		F09209491DC13EFB0057302F /* Build configuration list for PBXNativeTarget "Dricom" */ = {
			isa = XCConfigurationList;
			buildConfigurations = (
				F092094A1DC13EFB0057302F /* Debug */,
				F092094B1DC13EFB0057302F /* Release */,
			);
			defaultConfigurationIsVisible = 0;
			defaultConfigurationName = Release;
		};
/* End XCConfigurationList section */
	};
	rootObject = F092092F1DC13EFB0057302F /* Project object */;
}
