// !$*UTF8*$!
{
	archiveVersion = 1;
	classes = {
	};
	objectVersion = 46;
	objects = {

/* Begin PBXBuildFile section */
		9B2644558852E66D87B22CAF /* Pods_Dricom.framework in Frameworks */ = {isa = PBXBuildFile; fileRef = 38FE1AE5ED782AA0B3DB9DB8 /* Pods_Dricom.framework */; };
		F01398E51DF43D8300E4F188 /* User.swift in Sources */ = {isa = PBXBuildFile; fileRef = F01398E41DF43D8300E4F188 /* User.swift */; };
		F021D69B1DD7A43A00F50091 /* SupportMessageData.swift in Sources */ = {isa = PBXBuildFile; fileRef = F021D69A1DD7A43A00F50091 /* SupportMessageData.swift */; };
		F021D6A21DD7A61900F50091 /* MailComposerAssemblyImpl.swift in Sources */ = {isa = PBXBuildFile; fileRef = F021D6A01DD7A61900F50091 /* MailComposerAssemblyImpl.swift */; };
		F021D6A31DD7A61900F50091 /* MailComposerAssembly.swift in Sources */ = {isa = PBXBuildFile; fileRef = F021D6A11DD7A61900F50091 /* MailComposerAssembly.swift */; };
		F021D6A51DD7A6E300F50091 /* MailComposeDelegateService.swift in Sources */ = {isa = PBXBuildFile; fileRef = F021D6A41DD7A6E300F50091 /* MailComposeDelegateService.swift */; };
		F021D6BE1DD7B99300F50091 /* RegisterAssembly.swift in Sources */ = {isa = PBXBuildFile; fileRef = F021D6AF1DD7B99300F50091 /* RegisterAssembly.swift */; };
		F021D6BF1DD7B99300F50091 /* RegisterAssemblyImpl.swift in Sources */ = {isa = PBXBuildFile; fileRef = F021D6B01DD7B99300F50091 /* RegisterAssemblyImpl.swift */; };
		F021D6C01DD7B99300F50091 /* RegisterInteractor.swift in Sources */ = {isa = PBXBuildFile; fileRef = F021D6B21DD7B99300F50091 /* RegisterInteractor.swift */; };
		F021D6C11DD7B99300F50091 /* RegisterInteractorImpl.swift in Sources */ = {isa = PBXBuildFile; fileRef = F021D6B31DD7B99300F50091 /* RegisterInteractorImpl.swift */; };
		F021D6C21DD7B99300F50091 /* RegisterModule.swift in Sources */ = {isa = PBXBuildFile; fileRef = F021D6B51DD7B99300F50091 /* RegisterModule.swift */; };
		F021D6C31DD7B99300F50091 /* RegisterPresenter.swift in Sources */ = {isa = PBXBuildFile; fileRef = F021D6B61DD7B99300F50091 /* RegisterPresenter.swift */; };
		F021D6C41DD7B99300F50091 /* RegisterRouter.swift in Sources */ = {isa = PBXBuildFile; fileRef = F021D6B81DD7B99300F50091 /* RegisterRouter.swift */; };
		F021D6C51DD7B99300F50091 /* RegisterRouterImpl.swift in Sources */ = {isa = PBXBuildFile; fileRef = F021D6B91DD7B99300F50091 /* RegisterRouterImpl.swift */; };
		F021D6C61DD7B99300F50091 /* RegisterView.swift in Sources */ = {isa = PBXBuildFile; fileRef = F021D6BB1DD7B99300F50091 /* RegisterView.swift */; };
		F021D6C71DD7B99300F50091 /* RegisterViewController.swift in Sources */ = {isa = PBXBuildFile; fileRef = F021D6BC1DD7B99300F50091 /* RegisterViewController.swift */; };
		F021D6C81DD7B99300F50091 /* RegisterViewInput.swift in Sources */ = {isa = PBXBuildFile; fileRef = F021D6BD1DD7B99300F50091 /* RegisterViewInput.swift */; };
		F021D6CA1DD8879400F50091 /* Podfile in Resources */ = {isa = PBXBuildFile; fileRef = F021D6C91DD8879300F50091 /* Podfile */; };
		F021D6CD1DD88D6100F50091 /* SpecSizes.swift in Sources */ = {isa = PBXBuildFile; fileRef = F021D6CC1DD88D6100F50091 /* SpecSizes.swift */; };
		F021D6CF1DD8914200F50091 /* RouterCameraShowable.swift in Sources */ = {isa = PBXBuildFile; fileRef = F021D6CE1DD8914200F50091 /* RouterCameraShowable.swift */; };
		F021D6E31DD8925B00F50091 /* CameraAssembly.swift in Sources */ = {isa = PBXBuildFile; fileRef = F021D6D41DD8925B00F50091 /* CameraAssembly.swift */; };
		F021D6E41DD8925B00F50091 /* CameraAssemblyImpl.swift in Sources */ = {isa = PBXBuildFile; fileRef = F021D6D51DD8925B00F50091 /* CameraAssemblyImpl.swift */; };
		F021D6E51DD8925B00F50091 /* CameraInteractor.swift in Sources */ = {isa = PBXBuildFile; fileRef = F021D6D71DD8925B00F50091 /* CameraInteractor.swift */; };
		F021D6E61DD8925B00F50091 /* CameraInteractorImpl.swift in Sources */ = {isa = PBXBuildFile; fileRef = F021D6D81DD8925B00F50091 /* CameraInteractorImpl.swift */; };
		F021D6E71DD8925B00F50091 /* CameraModule.swift in Sources */ = {isa = PBXBuildFile; fileRef = F021D6DA1DD8925B00F50091 /* CameraModule.swift */; };
		F021D6E81DD8925B00F50091 /* CameraPresenter.swift in Sources */ = {isa = PBXBuildFile; fileRef = F021D6DB1DD8925B00F50091 /* CameraPresenter.swift */; };
		F021D6E91DD8925B00F50091 /* CameraRouter.swift in Sources */ = {isa = PBXBuildFile; fileRef = F021D6DD1DD8925B00F50091 /* CameraRouter.swift */; };
		F021D6EA1DD8925B00F50091 /* CameraRouterImpl.swift in Sources */ = {isa = PBXBuildFile; fileRef = F021D6DE1DD8925B00F50091 /* CameraRouterImpl.swift */; };
		F021D6EB1DD8925B00F50091 /* CameraView.swift in Sources */ = {isa = PBXBuildFile; fileRef = F021D6E01DD8925B00F50091 /* CameraView.swift */; };
		F021D6EC1DD8925B00F50091 /* CameraViewController.swift in Sources */ = {isa = PBXBuildFile; fileRef = F021D6E11DD8925B00F50091 /* CameraViewController.swift */; };
		F021D6ED1DD8925B00F50091 /* CameraViewInput.swift in Sources */ = {isa = PBXBuildFile; fileRef = F021D6E21DD8925B00F50091 /* CameraViewInput.swift */; };
		F021D6EF1DDDB4E600F50091 /* CameraPreviewViewController.swift in Sources */ = {isa = PBXBuildFile; fileRef = F021D6EE1DDDB4E600F50091 /* CameraPreviewViewController.swift */; };
		F021D6F31DDDB5E600F50091 /* CameraPreviewView.swift in Sources */ = {isa = PBXBuildFile; fileRef = F021D6F21DDDB5E600F50091 /* CameraPreviewView.swift */; };
		F021D7161DDE420100F50091 /* PHAssetUtilities.swift in Sources */ = {isa = PBXBuildFile; fileRef = F021D7151DDE420100F50091 /* PHAssetUtilities.swift */; };
		F021D7A51DDF1B3D00F50091 /* RegisterInputField.swift in Sources */ = {isa = PBXBuildFile; fileRef = F021D7A41DDF1B3D00F50091 /* RegisterInputField.swift */; };
		F021D7A71DE0DF3500F50091 /* ContentScrollingViewController.swift in Sources */ = {isa = PBXBuildFile; fileRef = F021D7A61DE0DF3500F50091 /* ContentScrollingViewController.swift */; };
		F021D7A91DE0E63F00F50091 /* RegisterDataValidationService.swift in Sources */ = {isa = PBXBuildFile; fileRef = F021D7A81DE0E63F00F50091 /* RegisterDataValidationService.swift */; };
		F076D6401DCF67F200E3ED0F /* LoginAssembly.swift in Sources */ = {isa = PBXBuildFile; fileRef = F076D6311DCF67F200E3ED0F /* LoginAssembly.swift */; };
		F076D6411DCF67F200E3ED0F /* LoginAssemblyImpl.swift in Sources */ = {isa = PBXBuildFile; fileRef = F076D6321DCF67F200E3ED0F /* LoginAssemblyImpl.swift */; };
		F076D6421DCF67F200E3ED0F /* LoginInteractor.swift in Sources */ = {isa = PBXBuildFile; fileRef = F076D6341DCF67F200E3ED0F /* LoginInteractor.swift */; };
		F076D6431DCF67F200E3ED0F /* LoginInteractorImpl.swift in Sources */ = {isa = PBXBuildFile; fileRef = F076D6351DCF67F200E3ED0F /* LoginInteractorImpl.swift */; };
		F076D6441DCF67F200E3ED0F /* LoginModule.swift in Sources */ = {isa = PBXBuildFile; fileRef = F076D6371DCF67F200E3ED0F /* LoginModule.swift */; };
		F076D6451DCF67F200E3ED0F /* LoginPresenter.swift in Sources */ = {isa = PBXBuildFile; fileRef = F076D6381DCF67F200E3ED0F /* LoginPresenter.swift */; };
		F076D6461DCF67F200E3ED0F /* LoginRouter.swift in Sources */ = {isa = PBXBuildFile; fileRef = F076D63A1DCF67F200E3ED0F /* LoginRouter.swift */; };
		F076D6471DCF67F200E3ED0F /* LoginRouterImpl.swift in Sources */ = {isa = PBXBuildFile; fileRef = F076D63B1DCF67F200E3ED0F /* LoginRouterImpl.swift */; };
		F076D6481DCF67F200E3ED0F /* LoginView.swift in Sources */ = {isa = PBXBuildFile; fileRef = F076D63D1DCF67F200E3ED0F /* LoginView.swift */; };
		F076D6491DCF67F200E3ED0F /* LoginViewController.swift in Sources */ = {isa = PBXBuildFile; fileRef = F076D63E1DCF67F200E3ED0F /* LoginViewController.swift */; };
		F076D64A1DCF67F200E3ED0F /* LoginViewInput.swift in Sources */ = {isa = PBXBuildFile; fileRef = F076D63F1DCF67F200E3ED0F /* LoginViewInput.swift */; };
		F076D64C1DCF684A00E3ED0F /* ModuleFocusable.swift in Sources */ = {isa = PBXBuildFile; fileRef = F076D64B1DCF684A00E3ED0F /* ModuleFocusable.swift */; };
		F076D6511DCF6A0000E3ED0F /* RouterDismissable.swift in Sources */ = {isa = PBXBuildFile; fileRef = F076D6501DCF6A0000E3ED0F /* RouterDismissable.swift */; };
		F076D6531DCF6CFB00E3ED0F /* ModuleDismissable.swift in Sources */ = {isa = PBXBuildFile; fileRef = F076D6521DCF6CFB00E3ED0F /* ModuleDismissable.swift */; };
		F076D6551DCF6D2000E3ED0F /* MessageDisplayable.swift in Sources */ = {isa = PBXBuildFile; fileRef = F076D6541DCF6D2000E3ED0F /* MessageDisplayable.swift */; };
		F076D6581DCF6E2F00E3ED0F /* StandardAlert.swift in Sources */ = {isa = PBXBuildFile; fileRef = F076D6571DCF6E2F00E3ED0F /* StandardAlert.swift */; };
		F076D66A1DCF6F3800E3ED0F /* AppMetadataExtension.swift in Sources */ = {isa = PBXBuildFile; fileRef = F076D65E1DCF6F3800E3ED0F /* AppMetadataExtension.swift */; };
		F076D66B1DCF6F3800E3ED0F /* CollectionsExtensions.swift in Sources */ = {isa = PBXBuildFile; fileRef = F076D65F1DCF6F3800E3ED0F /* CollectionsExtensions.swift */; };
		F076D66C1DCF6F3800E3ED0F /* DictionaryExtensions.swift in Sources */ = {isa = PBXBuildFile; fileRef = F076D6601DCF6F3800E3ED0F /* DictionaryExtensions.swift */; };
		F076D66D1DCF6F3800E3ED0F /* NumbersExtension.swift in Sources */ = {isa = PBXBuildFile; fileRef = F076D6611DCF6F3800E3ED0F /* NumbersExtension.swift */; };
		F076D66E1DCF6F3800E3ED0F /* OptionalsExtensions.swift in Sources */ = {isa = PBXBuildFile; fileRef = F076D6621DCF6F3800E3ED0F /* OptionalsExtensions.swift */; };
		F076D66F1DCF6F3800E3ED0F /* RangeExtension.swift in Sources */ = {isa = PBXBuildFile; fileRef = F076D6631DCF6F3800E3ED0F /* RangeExtension.swift */; };
		F076D6701DCF6F3800E3ED0F /* SequenceTypeExtensions.swift in Sources */ = {isa = PBXBuildFile; fileRef = F076D6641DCF6F3800E3ED0F /* SequenceTypeExtensions.swift */; };
		F076D6711DCF6F3800E3ED0F /* String+Pluralization.swift in Sources */ = {isa = PBXBuildFile; fileRef = F076D6651DCF6F3800E3ED0F /* String+Pluralization.swift */; };
		F076D6721DCF6F3800E3ED0F /* StringExtension.swift in Sources */ = {isa = PBXBuildFile; fileRef = F076D6661DCF6F3800E3ED0F /* StringExtension.swift */; };
		F076D6731DCF6F3800E3ED0F /* StringExtensions.swift in Sources */ = {isa = PBXBuildFile; fileRef = F076D6671DCF6F3800E3ED0F /* StringExtensions.swift */; };
		F076D6751DCF6FC500E3ED0F /* NSURLPathComponents.swift in Sources */ = {isa = PBXBuildFile; fileRef = F076D6741DCF6FC500E3ED0F /* NSURLPathComponents.swift */; };
		F076D6771DCF762700E3ED0F /* ContentScrollingView.swift in Sources */ = {isa = PBXBuildFile; fileRef = F076D6761DCF762700E3ED0F /* ContentScrollingView.swift */; };
		F076D6791DCF7DD200E3ED0F /* UIView+FindFirstResponder.swift in Sources */ = {isa = PBXBuildFile; fileRef = F076D6781DCF7DD200E3ED0F /* UIView+FindFirstResponder.swift */; };
		F076D67B1DCF87D300E3ED0F /* TextFieldView.swift in Sources */ = {isa = PBXBuildFile; fileRef = F076D67A1DCF87D300E3ED0F /* TextFieldView.swift */; };
		F076D67D1DCF8F4900E3ED0F /* DoneButtonAccessoryView.swift in Sources */ = {isa = PBXBuildFile; fileRef = F076D67C1DCF8F4900E3ED0F /* DoneButtonAccessoryView.swift */; };
		F076D67F1DCFAEF400E3ED0F /* ViewControllerPosition.swift in Sources */ = {isa = PBXBuildFile; fileRef = F076D67E1DCFAEF400E3ED0F /* ViewControllerPosition.swift */; };
		F0823DB71DE9D929007BD04D /* ActivityDisplayable.swift in Sources */ = {isa = PBXBuildFile; fileRef = F0823DB61DE9D929007BD04D /* ActivityDisplayable.swift */; };
		F0823DBA1DE9DA10007BD04D /* StandardPreloaderView.swift in Sources */ = {isa = PBXBuildFile; fileRef = F0823DB91DE9DA10007BD04D /* StandardPreloaderView.swift */; };
		F0823DCE1DE9EEA2007BD04D /* MainPageAssembly.swift in Sources */ = {isa = PBXBuildFile; fileRef = F0823DBF1DE9EEA2007BD04D /* MainPageAssembly.swift */; };
		F0823DCF1DE9EEA2007BD04D /* MainPageAssemblyImpl.swift in Sources */ = {isa = PBXBuildFile; fileRef = F0823DC01DE9EEA2007BD04D /* MainPageAssemblyImpl.swift */; };
		F0823DD01DE9EEA2007BD04D /* MainPageInteractor.swift in Sources */ = {isa = PBXBuildFile; fileRef = F0823DC21DE9EEA2007BD04D /* MainPageInteractor.swift */; };
		F0823DD11DE9EEA2007BD04D /* MainPageInteractorImpl.swift in Sources */ = {isa = PBXBuildFile; fileRef = F0823DC31DE9EEA2007BD04D /* MainPageInteractorImpl.swift */; };
		F0823DD31DE9EEA2007BD04D /* MainPagePresenter.swift in Sources */ = {isa = PBXBuildFile; fileRef = F0823DC61DE9EEA2007BD04D /* MainPagePresenter.swift */; };
		F0823DD41DE9EEA2007BD04D /* MainPageRouter.swift in Sources */ = {isa = PBXBuildFile; fileRef = F0823DC81DE9EEA2007BD04D /* MainPageRouter.swift */; };
		F0823DD51DE9EEA2007BD04D /* MainPageRouterImpl.swift in Sources */ = {isa = PBXBuildFile; fileRef = F0823DC91DE9EEA2007BD04D /* MainPageRouterImpl.swift */; };
		F0823DD61DE9EEA2007BD04D /* MainPageView.swift in Sources */ = {isa = PBXBuildFile; fileRef = F0823DCB1DE9EEA2007BD04D /* MainPageView.swift */; };
		F0823DD71DE9EEA2007BD04D /* MainPageViewController.swift in Sources */ = {isa = PBXBuildFile; fileRef = F0823DCC1DE9EEA2007BD04D /* MainPageViewController.swift */; };
		F0823DD81DE9EEA2007BD04D /* MainPageViewInput.swift in Sources */ = {isa = PBXBuildFile; fileRef = F0823DCD1DE9EEA2007BD04D /* MainPageViewInput.swift */; };
		F08BE1A21DC9265000243B56 /* ActionButtonView.swift in Sources */ = {isa = PBXBuildFile; fileRef = F08BE1A11DC9265000243B56 /* ActionButtonView.swift */; };
		F08BE1A41DC926B600243B56 /* SpecMargins.swift in Sources */ = {isa = PBXBuildFile; fileRef = F08BE1A31DC926B600243B56 /* SpecMargins.swift */; };
		F08BE1A61DC9326A00243B56 /* ImageButtonView.swift in Sources */ = {isa = PBXBuildFile; fileRef = F08BE1A51DC9326A00243B56 /* ImageButtonView.swift */; };
		F09209421DC13EFB0057302F /* Assets.xcassets in Resources */ = {isa = PBXBuildFile; fileRef = F09209411DC13EFB0057302F /* Assets.xcassets */; };
		F09209451DC13EFB0057302F /* LaunchScreen.storyboard in Resources */ = {isa = PBXBuildFile; fileRef = F09209431DC13EFB0057302F /* LaunchScreen.storyboard */; };
		F09209821DC146300057302F /* AppDelegate.swift in Sources */ = {isa = PBXBuildFile; fileRef = F092096F1DC146300057302F /* AppDelegate.swift */; };
		F09209A11DC14A7F0057302F /* ApplicationAssembly.swift in Sources */ = {isa = PBXBuildFile; fileRef = F09209921DC14A7F0057302F /* ApplicationAssembly.swift */; };
		F09209A21DC14A7F0057302F /* ApplicationAssemblyImpl.swift in Sources */ = {isa = PBXBuildFile; fileRef = F09209931DC14A7F0057302F /* ApplicationAssemblyImpl.swift */; };
		F09209A31DC14A7F0057302F /* ApplicationInteractor.swift in Sources */ = {isa = PBXBuildFile; fileRef = F09209951DC14A7F0057302F /* ApplicationInteractor.swift */; };
		F09209A41DC14A7F0057302F /* ApplicationInteractorImpl.swift in Sources */ = {isa = PBXBuildFile; fileRef = F09209961DC14A7F0057302F /* ApplicationInteractorImpl.swift */; };
		F09209A61DC14A7F0057302F /* ApplicationPresenter.swift in Sources */ = {isa = PBXBuildFile; fileRef = F09209991DC14A7F0057302F /* ApplicationPresenter.swift */; };
		F09209A71DC14A7F0057302F /* ApplicationRouter.swift in Sources */ = {isa = PBXBuildFile; fileRef = F092099B1DC14A7F0057302F /* ApplicationRouter.swift */; };
		F09209A81DC14A7F0057302F /* ApplicationRouterImpl.swift in Sources */ = {isa = PBXBuildFile; fileRef = F092099C1DC14A7F0057302F /* ApplicationRouterImpl.swift */; };
		F09209B41DC1502B0057302F /* AssemblyFactory.swift in Sources */ = {isa = PBXBuildFile; fileRef = F09209B31DC1502B0057302F /* AssemblyFactory.swift */; };
		F09209B61DC150CB0057302F /* AssemblyFactoryImpl.swift in Sources */ = {isa = PBXBuildFile; fileRef = F09209B51DC150CB0057302F /* AssemblyFactoryImpl.swift */; };
		F09209B81DC1513B0057302F /* BaseRouter.swift in Sources */ = {isa = PBXBuildFile; fileRef = F09209B71DC1513B0057302F /* BaseRouter.swift */; };
		F09209BD1DC1524E0057302F /* BaseAssembly.swift in Sources */ = {isa = PBXBuildFile; fileRef = F09209BC1DC1524E0057302F /* BaseAssembly.swift */; };
		F0A115161DC6229500A4DC76 /* BaseViewController.swift in Sources */ = {isa = PBXBuildFile; fileRef = F0A115151DC6229500A4DC76 /* BaseViewController.swift */; };
		F0A1151A1DC622D900A4DC76 /* BaseNavigationController.swift in Sources */ = {isa = PBXBuildFile; fileRef = F0A115191DC622D900A4DC76 /* BaseNavigationController.swift */; };
		F0A115241DC629CE00A4DC76 /* SessionInfo.swift in Sources */ = {isa = PBXBuildFile; fileRef = F0A115231DC629CE00A4DC76 /* SessionInfo.swift */; };
		F0A1152B1DC62C8000A4DC76 /* ViewDebugRegistrationService.swift in Sources */ = {isa = PBXBuildFile; fileRef = F0A1152A1DC62C8000A4DC76 /* ViewDebugRegistrationService.swift */; };
		F0A1152D1DC62CB300A4DC76 /* RegistrationService.swift in Sources */ = {isa = PBXBuildFile; fileRef = F0A1152C1DC62CB300A4DC76 /* RegistrationService.swift */; };
		F0A115301DC62D2000A4DC76 /* DataResult.swift in Sources */ = {isa = PBXBuildFile; fileRef = F0A1152F1DC62D2000A4DC76 /* DataResult.swift */; };
		F0A115331DC62DB600A4DC76 /* NetworkError.swift in Sources */ = {isa = PBXBuildFile; fileRef = F0A115321DC62DB600A4DC76 /* NetworkError.swift */; };
		F0A115351DC6309F00A4DC76 /* ServiceFactory.swift in Sources */ = {isa = PBXBuildFile; fileRef = F0A115341DC6309F00A4DC76 /* ServiceFactory.swift */; };
		F0A115381DC630DD00A4DC76 /* ViewDebugServiceFactory.swift in Sources */ = {isa = PBXBuildFile; fileRef = F0A115371DC630DD00A4DC76 /* ViewDebugServiceFactory.swift */; };
		F0A1155E1DC637C600A4DC76 /* DisposeBag.swift in Sources */ = {isa = PBXBuildFile; fileRef = F0A1155C1DC637C600A4DC76 /* DisposeBag.swift */; };
		F0A1155F1DC637C600A4DC76 /* DisposeBagHolder.swift in Sources */ = {isa = PBXBuildFile; fileRef = F0A1155D1DC637C600A4DC76 /* DisposeBagHolder.swift */; };
		F0A115611DC6385400A4DC76 /* RouterFocusable.swift in Sources */ = {isa = PBXBuildFile; fileRef = F0A115601DC6385400A4DC76 /* RouterFocusable.swift */; };
		F0A115631DC63A8700A4DC76 /* MainFlowController.swift in Sources */ = {isa = PBXBuildFile; fileRef = F0A115621DC63A8700A4DC76 /* MainFlowController.swift */; };
		F0A115651DC67F8400A4DC76 /* RadialGradientView.swift in Sources */ = {isa = PBXBuildFile; fileRef = F0A115641DC67F8400A4DC76 /* RadialGradientView.swift */; };
		F0A115761DC6863E00A4DC76 /* CGPoint+Extension.swift in Sources */ = {isa = PBXBuildFile; fileRef = F0A1156B1DC6863D00A4DC76 /* CGPoint+Extension.swift */; };
		F0A115771DC6863E00A4DC76 /* CGRectLayoutExtension.swift in Sources */ = {isa = PBXBuildFile; fileRef = F0A1156C1DC6863D00A4DC76 /* CGRectLayoutExtension.swift */; };
		F0A115781DC6863E00A4DC76 /* CGSizeLayoutExtension.swift in Sources */ = {isa = PBXBuildFile; fileRef = F0A1156D1DC6863D00A4DC76 /* CGSizeLayoutExtension.swift */; };
		F0A1157A1DC6863E00A4DC76 /* UIColorExtension.swift in Sources */ = {isa = PBXBuildFile; fileRef = F0A1156F1DC6863D00A4DC76 /* UIColorExtension.swift */; };
		F0A1157B1DC6863E00A4DC76 /* UIEdgeInsetsLayoutExtension.swift in Sources */ = {isa = PBXBuildFile; fileRef = F0A115701DC6863D00A4DC76 /* UIEdgeInsetsLayoutExtension.swift */; };
		F0A1157C1DC6863E00A4DC76 /* UIImageExtension.swift in Sources */ = {isa = PBXBuildFile; fileRef = F0A115711DC6863D00A4DC76 /* UIImageExtension.swift */; };
		F0A1157D1DC6863E00A4DC76 /* UIView+Layout.swift in Sources */ = {isa = PBXBuildFile; fileRef = F0A115721DC6863D00A4DC76 /* UIView+Layout.swift */; };
		F0A1157E1DC6863E00A4DC76 /* UIView+Properties.swift in Sources */ = {isa = PBXBuildFile; fileRef = F0A115731DC6863D00A4DC76 /* UIView+Properties.swift */; };
		F0A1157F1DC6863E00A4DC76 /* UIView+Resizing.swift in Sources */ = {isa = PBXBuildFile; fileRef = F0A115741DC6863E00A4DC76 /* UIView+Resizing.swift */; };
		F0A115801DC6863E00A4DC76 /* UIView+Size.swift in Sources */ = {isa = PBXBuildFile; fileRef = F0A115751DC6863E00A4DC76 /* UIView+Size.swift */; };
		F0A115821DC6897300A4DC76 /* SpecColors.swift in Sources */ = {isa = PBXBuildFile; fileRef = F0A115811DC6897300A4DC76 /* SpecColors.swift */; };
		F0A115851DC68DF500A4DC76 /* ViewLifecycleObservable.swift in Sources */ = {isa = PBXBuildFile; fileRef = F0A115841DC68DF500A4DC76 /* ViewLifecycleObservable.swift */; };
		F0A115871DC68E1D00A4DC76 /* ViewControllerTransition.swift in Sources */ = {isa = PBXBuildFile; fileRef = F0A115861DC68E1D00A4DC76 /* ViewControllerTransition.swift */; };
		F0A115891DC6914100A4DC76 /* CrossFadePushTransition.swift in Sources */ = {isa = PBXBuildFile; fileRef = F0A115881DC6914100A4DC76 /* CrossFadePushTransition.swift */; };
		F0D038561DD3AE0500E0085D /* FeedbackAssembly.swift in Sources */ = {isa = PBXBuildFile; fileRef = F0D038471DD3AE0500E0085D /* FeedbackAssembly.swift */; };
		F0D038571DD3AE0500E0085D /* FeedbackAssemblyImpl.swift in Sources */ = {isa = PBXBuildFile; fileRef = F0D038481DD3AE0500E0085D /* FeedbackAssemblyImpl.swift */; };
		F0D038581DD3AE0500E0085D /* FeedbackInteractor.swift in Sources */ = {isa = PBXBuildFile; fileRef = F0D0384A1DD3AE0500E0085D /* FeedbackInteractor.swift */; };
		F0D038591DD3AE0500E0085D /* FeedbackInteractorImpl.swift in Sources */ = {isa = PBXBuildFile; fileRef = F0D0384B1DD3AE0500E0085D /* FeedbackInteractorImpl.swift */; };
		F0D0385A1DD3AE0500E0085D /* FeedbackModule.swift in Sources */ = {isa = PBXBuildFile; fileRef = F0D0384D1DD3AE0500E0085D /* FeedbackModule.swift */; };
		F0D0385B1DD3AE0500E0085D /* FeedbackPresenter.swift in Sources */ = {isa = PBXBuildFile; fileRef = F0D0384E1DD3AE0500E0085D /* FeedbackPresenter.swift */; };
		F0D0385C1DD3AE0500E0085D /* FeedbackRouter.swift in Sources */ = {isa = PBXBuildFile; fileRef = F0D038501DD3AE0500E0085D /* FeedbackRouter.swift */; };
		F0D0385D1DD3AE0500E0085D /* FeedbackRouterImpl.swift in Sources */ = {isa = PBXBuildFile; fileRef = F0D038511DD3AE0500E0085D /* FeedbackRouterImpl.swift */; };
		F0D0385E1DD3AE0500E0085D /* FeedbackView.swift in Sources */ = {isa = PBXBuildFile; fileRef = F0D038531DD3AE0500E0085D /* FeedbackView.swift */; };
		F0D0385F1DD3AE0500E0085D /* FeedbackViewController.swift in Sources */ = {isa = PBXBuildFile; fileRef = F0D038541DD3AE0500E0085D /* FeedbackViewController.swift */; };
		F0D038601DD3AE0500E0085D /* FeedbackViewInput.swift in Sources */ = {isa = PBXBuildFile; fileRef = F0D038551DD3AE0500E0085D /* FeedbackViewInput.swift */; };
		F0D038621DD3AFA100E0085D /* RouterFeedbackShowable.swift in Sources */ = {isa = PBXBuildFile; fileRef = F0D038611DD3AFA100E0085D /* RouterFeedbackShowable.swift */; };
		F0F434081DD10CAB00F278BD /* AlertDisplayable.swift in Sources */ = {isa = PBXBuildFile; fileRef = F0F434071DD10CAB00F278BD /* AlertDisplayable.swift */; };
		F0F4340B1DD10CC500F278BD /* WindowWaiter.swift in Sources */ = {isa = PBXBuildFile; fileRef = F0F4340A1DD10CC500F278BD /* WindowWaiter.swift */; };
		F0F434111DD119EE00F278BD /* ViewDebugAuthorizationService.swift in Sources */ = {isa = PBXBuildFile; fileRef = F0F434101DD119EE00F278BD /* ViewDebugAuthorizationService.swift */; };
		F0F434131DD11A7100F278BD /* AuthorizationService.swift in Sources */ = {isa = PBXBuildFile; fileRef = F0F434121DD11A7100F278BD /* AuthorizationService.swift */; };
/* End PBXBuildFile section */

/* Begin PBXFileReference section */
		38FE1AE5ED782AA0B3DB9DB8 /* Pods_Dricom.framework */ = {isa = PBXFileReference; explicitFileType = wrapper.framework; includeInIndex = 0; path = Pods_Dricom.framework; sourceTree = BUILT_PRODUCTS_DIR; };
		3CEAD0BF03CF89749F61C8F2 /* Pods-Dricom.release.xcconfig */ = {isa = PBXFileReference; includeInIndex = 1; lastKnownFileType = text.xcconfig; name = "Pods-Dricom.release.xcconfig"; path = "Pods/Target Support Files/Pods-Dricom/Pods-Dricom.release.xcconfig"; sourceTree = "<group>"; };
		4DB1949EEFE9AB53D8BFFE3D /* Pods-Dricom.debug.xcconfig */ = {isa = PBXFileReference; includeInIndex = 1; lastKnownFileType = text.xcconfig; name = "Pods-Dricom.debug.xcconfig"; path = "Pods/Target Support Files/Pods-Dricom/Pods-Dricom.debug.xcconfig"; sourceTree = "<group>"; };
		F01398E41DF43D8300E4F188 /* User.swift */ = {isa = PBXFileReference; fileEncoding = 4; lastKnownFileType = sourcecode.swift; path = User.swift; sourceTree = "<group>"; };
		F021D69A1DD7A43A00F50091 /* SupportMessageData.swift */ = {isa = PBXFileReference; fileEncoding = 4; lastKnownFileType = sourcecode.swift; path = SupportMessageData.swift; sourceTree = "<group>"; };
		F021D6A01DD7A61900F50091 /* MailComposerAssemblyImpl.swift */ = {isa = PBXFileReference; fileEncoding = 4; lastKnownFileType = sourcecode.swift; path = MailComposerAssemblyImpl.swift; sourceTree = "<group>"; };
		F021D6A11DD7A61900F50091 /* MailComposerAssembly.swift */ = {isa = PBXFileReference; fileEncoding = 4; lastKnownFileType = sourcecode.swift; path = MailComposerAssembly.swift; sourceTree = "<group>"; };
		F021D6A41DD7A6E300F50091 /* MailComposeDelegateService.swift */ = {isa = PBXFileReference; fileEncoding = 4; lastKnownFileType = sourcecode.swift; name = MailComposeDelegateService.swift; path = MailComposeDelegateService/MailComposeDelegateService.swift; sourceTree = "<group>"; };
		F021D6AF1DD7B99300F50091 /* RegisterAssembly.swift */ = {isa = PBXFileReference; fileEncoding = 4; lastKnownFileType = sourcecode.swift; path = RegisterAssembly.swift; sourceTree = "<group>"; };
		F021D6B01DD7B99300F50091 /* RegisterAssemblyImpl.swift */ = {isa = PBXFileReference; fileEncoding = 4; lastKnownFileType = sourcecode.swift; path = RegisterAssemblyImpl.swift; sourceTree = "<group>"; };
		F021D6B21DD7B99300F50091 /* RegisterInteractor.swift */ = {isa = PBXFileReference; fileEncoding = 4; lastKnownFileType = sourcecode.swift; path = RegisterInteractor.swift; sourceTree = "<group>"; };
		F021D6B31DD7B99300F50091 /* RegisterInteractorImpl.swift */ = {isa = PBXFileReference; fileEncoding = 4; lastKnownFileType = sourcecode.swift; path = RegisterInteractorImpl.swift; sourceTree = "<group>"; };
		F021D6B51DD7B99300F50091 /* RegisterModule.swift */ = {isa = PBXFileReference; fileEncoding = 4; lastKnownFileType = sourcecode.swift; path = RegisterModule.swift; sourceTree = "<group>"; };
		F021D6B61DD7B99300F50091 /* RegisterPresenter.swift */ = {isa = PBXFileReference; fileEncoding = 4; lastKnownFileType = sourcecode.swift; path = RegisterPresenter.swift; sourceTree = "<group>"; };
		F021D6B81DD7B99300F50091 /* RegisterRouter.swift */ = {isa = PBXFileReference; fileEncoding = 4; lastKnownFileType = sourcecode.swift; path = RegisterRouter.swift; sourceTree = "<group>"; };
		F021D6B91DD7B99300F50091 /* RegisterRouterImpl.swift */ = {isa = PBXFileReference; fileEncoding = 4; lastKnownFileType = sourcecode.swift; path = RegisterRouterImpl.swift; sourceTree = "<group>"; };
		F021D6BB1DD7B99300F50091 /* RegisterView.swift */ = {isa = PBXFileReference; fileEncoding = 4; lastKnownFileType = sourcecode.swift; path = RegisterView.swift; sourceTree = "<group>"; };
		F021D6BC1DD7B99300F50091 /* RegisterViewController.swift */ = {isa = PBXFileReference; fileEncoding = 4; lastKnownFileType = sourcecode.swift; path = RegisterViewController.swift; sourceTree = "<group>"; };
		F021D6BD1DD7B99300F50091 /* RegisterViewInput.swift */ = {isa = PBXFileReference; fileEncoding = 4; lastKnownFileType = sourcecode.swift; path = RegisterViewInput.swift; sourceTree = "<group>"; };
		F021D6C91DD8879300F50091 /* Podfile */ = {isa = PBXFileReference; fileEncoding = 4; lastKnownFileType = text; path = Podfile; sourceTree = SOURCE_ROOT; xcLanguageSpecificationIdentifier = xcode.lang.ruby; };
		F021D6CC1DD88D6100F50091 /* SpecSizes.swift */ = {isa = PBXFileReference; fileEncoding = 4; lastKnownFileType = sourcecode.swift; name = SpecSizes.swift; path = Dricom/Source/Presentation/Spec/SpecSizes.swift; sourceTree = SOURCE_ROOT; };
		F021D6CE1DD8914200F50091 /* RouterCameraShowable.swift */ = {isa = PBXFileReference; fileEncoding = 4; lastKnownFileType = sourcecode.swift; name = RouterCameraShowable.swift; path = Router/RouterCameraShowable.swift; sourceTree = "<group>"; };
		F021D6D41DD8925B00F50091 /* CameraAssembly.swift */ = {isa = PBXFileReference; fileEncoding = 4; lastKnownFileType = sourcecode.swift; path = CameraAssembly.swift; sourceTree = "<group>"; };
		F021D6D51DD8925B00F50091 /* CameraAssemblyImpl.swift */ = {isa = PBXFileReference; fileEncoding = 4; lastKnownFileType = sourcecode.swift; path = CameraAssemblyImpl.swift; sourceTree = "<group>"; };
		F021D6D71DD8925B00F50091 /* CameraInteractor.swift */ = {isa = PBXFileReference; fileEncoding = 4; lastKnownFileType = sourcecode.swift; path = CameraInteractor.swift; sourceTree = "<group>"; };
		F021D6D81DD8925B00F50091 /* CameraInteractorImpl.swift */ = {isa = PBXFileReference; fileEncoding = 4; lastKnownFileType = sourcecode.swift; path = CameraInteractorImpl.swift; sourceTree = "<group>"; };
		F021D6DA1DD8925B00F50091 /* CameraModule.swift */ = {isa = PBXFileReference; fileEncoding = 4; lastKnownFileType = sourcecode.swift; path = CameraModule.swift; sourceTree = "<group>"; };
		F021D6DB1DD8925B00F50091 /* CameraPresenter.swift */ = {isa = PBXFileReference; fileEncoding = 4; lastKnownFileType = sourcecode.swift; path = CameraPresenter.swift; sourceTree = "<group>"; };
		F021D6DD1DD8925B00F50091 /* CameraRouter.swift */ = {isa = PBXFileReference; fileEncoding = 4; lastKnownFileType = sourcecode.swift; path = CameraRouter.swift; sourceTree = "<group>"; };
		F021D6DE1DD8925B00F50091 /* CameraRouterImpl.swift */ = {isa = PBXFileReference; fileEncoding = 4; lastKnownFileType = sourcecode.swift; path = CameraRouterImpl.swift; sourceTree = "<group>"; };
		F021D6E01DD8925B00F50091 /* CameraView.swift */ = {isa = PBXFileReference; fileEncoding = 4; lastKnownFileType = sourcecode.swift; path = CameraView.swift; sourceTree = "<group>"; };
		F021D6E11DD8925B00F50091 /* CameraViewController.swift */ = {isa = PBXFileReference; fileEncoding = 4; lastKnownFileType = sourcecode.swift; path = CameraViewController.swift; sourceTree = "<group>"; };
		F021D6E21DD8925B00F50091 /* CameraViewInput.swift */ = {isa = PBXFileReference; fileEncoding = 4; lastKnownFileType = sourcecode.swift; path = CameraViewInput.swift; sourceTree = "<group>"; };
		F021D6EE1DDDB4E600F50091 /* CameraPreviewViewController.swift */ = {isa = PBXFileReference; fileEncoding = 4; lastKnownFileType = sourcecode.swift; path = CameraPreviewViewController.swift; sourceTree = "<group>"; };
		F021D6F21DDDB5E600F50091 /* CameraPreviewView.swift */ = {isa = PBXFileReference; fileEncoding = 4; lastKnownFileType = sourcecode.swift; path = CameraPreviewView.swift; sourceTree = "<group>"; };
		F021D7151DDE420100F50091 /* PHAssetUtilities.swift */ = {isa = PBXFileReference; fileEncoding = 4; lastKnownFileType = sourcecode.swift; path = PHAssetUtilities.swift; sourceTree = "<group>"; };
		F021D7A41DDF1B3D00F50091 /* RegisterInputField.swift */ = {isa = PBXFileReference; fileEncoding = 4; lastKnownFileType = sourcecode.swift; path = RegisterInputField.swift; sourceTree = "<group>"; };
		F021D7A61DE0DF3500F50091 /* ContentScrollingViewController.swift */ = {isa = PBXFileReference; fileEncoding = 4; lastKnownFileType = sourcecode.swift; name = ContentScrollingViewController.swift; path = Dricom/Source/Presentation/ViewControllers/ContentScrollingViewController.swift; sourceTree = SOURCE_ROOT; };
		F021D7A81DE0E63F00F50091 /* RegisterDataValidationService.swift */ = {isa = PBXFileReference; fileEncoding = 4; lastKnownFileType = sourcecode.swift; name = RegisterDataValidationService.swift; path = Dricom/Source/VIPER/Services/Validation/RegisterDataValidationService.swift; sourceTree = SOURCE_ROOT; };
		F076D6311DCF67F200E3ED0F /* LoginAssembly.swift */ = {isa = PBXFileReference; fileEncoding = 4; lastKnownFileType = sourcecode.swift; path = LoginAssembly.swift; sourceTree = "<group>"; };
		F076D6321DCF67F200E3ED0F /* LoginAssemblyImpl.swift */ = {isa = PBXFileReference; fileEncoding = 4; lastKnownFileType = sourcecode.swift; path = LoginAssemblyImpl.swift; sourceTree = "<group>"; };
		F076D6341DCF67F200E3ED0F /* LoginInteractor.swift */ = {isa = PBXFileReference; fileEncoding = 4; lastKnownFileType = sourcecode.swift; path = LoginInteractor.swift; sourceTree = "<group>"; };
		F076D6351DCF67F200E3ED0F /* LoginInteractorImpl.swift */ = {isa = PBXFileReference; fileEncoding = 4; lastKnownFileType = sourcecode.swift; path = LoginInteractorImpl.swift; sourceTree = "<group>"; };
		F076D6371DCF67F200E3ED0F /* LoginModule.swift */ = {isa = PBXFileReference; fileEncoding = 4; lastKnownFileType = sourcecode.swift; path = LoginModule.swift; sourceTree = "<group>"; };
		F076D6381DCF67F200E3ED0F /* LoginPresenter.swift */ = {isa = PBXFileReference; fileEncoding = 4; lastKnownFileType = sourcecode.swift; path = LoginPresenter.swift; sourceTree = "<group>"; };
		F076D63A1DCF67F200E3ED0F /* LoginRouter.swift */ = {isa = PBXFileReference; fileEncoding = 4; lastKnownFileType = sourcecode.swift; path = LoginRouter.swift; sourceTree = "<group>"; };
		F076D63B1DCF67F200E3ED0F /* LoginRouterImpl.swift */ = {isa = PBXFileReference; fileEncoding = 4; lastKnownFileType = sourcecode.swift; path = LoginRouterImpl.swift; sourceTree = "<group>"; };
		F076D63D1DCF67F200E3ED0F /* LoginView.swift */ = {isa = PBXFileReference; fileEncoding = 4; lastKnownFileType = sourcecode.swift; path = LoginView.swift; sourceTree = "<group>"; };
		F076D63E1DCF67F200E3ED0F /* LoginViewController.swift */ = {isa = PBXFileReference; fileEncoding = 4; lastKnownFileType = sourcecode.swift; path = LoginViewController.swift; sourceTree = "<group>"; };
		F076D63F1DCF67F200E3ED0F /* LoginViewInput.swift */ = {isa = PBXFileReference; fileEncoding = 4; lastKnownFileType = sourcecode.swift; path = LoginViewInput.swift; sourceTree = "<group>"; };
		F076D64B1DCF684A00E3ED0F /* ModuleFocusable.swift */ = {isa = PBXFileReference; fileEncoding = 4; lastKnownFileType = sourcecode.swift; name = ModuleFocusable.swift; path = Module/ModuleFocusable.swift; sourceTree = "<group>"; };
		F076D6501DCF6A0000E3ED0F /* RouterDismissable.swift */ = {isa = PBXFileReference; fileEncoding = 4; lastKnownFileType = sourcecode.swift; name = RouterDismissable.swift; path = Router/RouterDismissable.swift; sourceTree = "<group>"; };
		F076D6521DCF6CFB00E3ED0F /* ModuleDismissable.swift */ = {isa = PBXFileReference; fileEncoding = 4; lastKnownFileType = sourcecode.swift; name = ModuleDismissable.swift; path = Module/ModuleDismissable.swift; sourceTree = "<group>"; };
		F076D6541DCF6D2000E3ED0F /* MessageDisplayable.swift */ = {isa = PBXFileReference; fileEncoding = 4; lastKnownFileType = sourcecode.swift; name = MessageDisplayable.swift; path = MessageDisplaying/MessageDisplayable.swift; sourceTree = "<group>"; };
		F076D6571DCF6E2F00E3ED0F /* StandardAlert.swift */ = {isa = PBXFileReference; fileEncoding = 4; lastKnownFileType = sourcecode.swift; name = StandardAlert.swift; path = MessageDisplaying/StandardAlert.swift; sourceTree = "<group>"; };
		F076D65E1DCF6F3800E3ED0F /* AppMetadataExtension.swift */ = {isa = PBXFileReference; fileEncoding = 4; lastKnownFileType = sourcecode.swift; path = AppMetadataExtension.swift; sourceTree = "<group>"; };
		F076D65F1DCF6F3800E3ED0F /* CollectionsExtensions.swift */ = {isa = PBXFileReference; fileEncoding = 4; lastKnownFileType = sourcecode.swift; path = CollectionsExtensions.swift; sourceTree = "<group>"; };
		F076D6601DCF6F3800E3ED0F /* DictionaryExtensions.swift */ = {isa = PBXFileReference; fileEncoding = 4; lastKnownFileType = sourcecode.swift; path = DictionaryExtensions.swift; sourceTree = "<group>"; };
		F076D6611DCF6F3800E3ED0F /* NumbersExtension.swift */ = {isa = PBXFileReference; fileEncoding = 4; lastKnownFileType = sourcecode.swift; path = NumbersExtension.swift; sourceTree = "<group>"; };
		F076D6621DCF6F3800E3ED0F /* OptionalsExtensions.swift */ = {isa = PBXFileReference; fileEncoding = 4; lastKnownFileType = sourcecode.swift; path = OptionalsExtensions.swift; sourceTree = "<group>"; };
		F076D6631DCF6F3800E3ED0F /* RangeExtension.swift */ = {isa = PBXFileReference; fileEncoding = 4; lastKnownFileType = sourcecode.swift; path = RangeExtension.swift; sourceTree = "<group>"; };
		F076D6641DCF6F3800E3ED0F /* SequenceTypeExtensions.swift */ = {isa = PBXFileReference; fileEncoding = 4; lastKnownFileType = sourcecode.swift; path = SequenceTypeExtensions.swift; sourceTree = "<group>"; };
		F076D6651DCF6F3800E3ED0F /* String+Pluralization.swift */ = {isa = PBXFileReference; fileEncoding = 4; lastKnownFileType = sourcecode.swift; path = "String+Pluralization.swift"; sourceTree = "<group>"; };
		F076D6661DCF6F3800E3ED0F /* StringExtension.swift */ = {isa = PBXFileReference; fileEncoding = 4; lastKnownFileType = sourcecode.swift; path = StringExtension.swift; sourceTree = "<group>"; };
		F076D6671DCF6F3800E3ED0F /* StringExtensions.swift */ = {isa = PBXFileReference; fileEncoding = 4; lastKnownFileType = sourcecode.swift; path = StringExtensions.swift; sourceTree = "<group>"; };
		F076D6741DCF6FC500E3ED0F /* NSURLPathComponents.swift */ = {isa = PBXFileReference; fileEncoding = 4; lastKnownFileType = sourcecode.swift; path = NSURLPathComponents.swift; sourceTree = "<group>"; };
		F076D6761DCF762700E3ED0F /* ContentScrollingView.swift */ = {isa = PBXFileReference; fileEncoding = 4; lastKnownFileType = sourcecode.swift; name = ContentScrollingView.swift; path = Dricom/Source/Presentation/Views/ContentScrollingView.swift; sourceTree = SOURCE_ROOT; };
		F076D6781DCF7DD200E3ED0F /* UIView+FindFirstResponder.swift */ = {isa = PBXFileReference; fileEncoding = 4; lastKnownFileType = sourcecode.swift; name = "UIView+FindFirstResponder.swift"; path = "Core/Extensions/UIKit/UIView+FindFirstResponder.swift"; sourceTree = "<group>"; };
		F076D67A1DCF87D300E3ED0F /* TextFieldView.swift */ = {isa = PBXFileReference; fileEncoding = 4; lastKnownFileType = sourcecode.swift; name = TextFieldView.swift; path = Dricom/Source/Presentation/Views/TextFieldView.swift; sourceTree = SOURCE_ROOT; };
		F076D67C1DCF8F4900E3ED0F /* DoneButtonAccessoryView.swift */ = {isa = PBXFileReference; fileEncoding = 4; lastKnownFileType = sourcecode.swift; name = DoneButtonAccessoryView.swift; path = Dricom/Source/Presentation/Views/DoneButtonAccessoryView.swift; sourceTree = SOURCE_ROOT; };
		F076D67E1DCFAEF400E3ED0F /* ViewControllerPosition.swift */ = {isa = PBXFileReference; fileEncoding = 4; lastKnownFileType = sourcecode.swift; name = ViewControllerPosition.swift; path = Router/ViewControllerPosition.swift; sourceTree = "<group>"; };
		F0823DB61DE9D929007BD04D /* ActivityDisplayable.swift */ = {isa = PBXFileReference; fileEncoding = 4; lastKnownFileType = sourcecode.swift; name = ActivityDisplayable.swift; path = ActivityDisplayable/ActivityDisplayable.swift; sourceTree = "<group>"; };
		F0823DB91DE9DA10007BD04D /* StandardPreloaderView.swift */ = {isa = PBXFileReference; fileEncoding = 4; lastKnownFileType = sourcecode.swift; name = StandardPreloaderView.swift; path = Dricom/Source/Presentation/Views/StandardPreloaderView.swift; sourceTree = SOURCE_ROOT; };
		F0823DBF1DE9EEA2007BD04D /* MainPageAssembly.swift */ = {isa = PBXFileReference; fileEncoding = 4; lastKnownFileType = sourcecode.swift; path = MainPageAssembly.swift; sourceTree = "<group>"; };
		F0823DC01DE9EEA2007BD04D /* MainPageAssemblyImpl.swift */ = {isa = PBXFileReference; fileEncoding = 4; lastKnownFileType = sourcecode.swift; path = MainPageAssemblyImpl.swift; sourceTree = "<group>"; };
		F0823DC21DE9EEA2007BD04D /* MainPageInteractor.swift */ = {isa = PBXFileReference; fileEncoding = 4; lastKnownFileType = sourcecode.swift; path = MainPageInteractor.swift; sourceTree = "<group>"; };
		F0823DC31DE9EEA2007BD04D /* MainPageInteractorImpl.swift */ = {isa = PBXFileReference; fileEncoding = 4; lastKnownFileType = sourcecode.swift; path = MainPageInteractorImpl.swift; sourceTree = "<group>"; };
		F0823DC61DE9EEA2007BD04D /* MainPagePresenter.swift */ = {isa = PBXFileReference; fileEncoding = 4; lastKnownFileType = sourcecode.swift; path = MainPagePresenter.swift; sourceTree = "<group>"; };
		F0823DC81DE9EEA2007BD04D /* MainPageRouter.swift */ = {isa = PBXFileReference; fileEncoding = 4; lastKnownFileType = sourcecode.swift; path = MainPageRouter.swift; sourceTree = "<group>"; };
		F0823DC91DE9EEA2007BD04D /* MainPageRouterImpl.swift */ = {isa = PBXFileReference; fileEncoding = 4; lastKnownFileType = sourcecode.swift; path = MainPageRouterImpl.swift; sourceTree = "<group>"; };
		F0823DCB1DE9EEA2007BD04D /* MainPageView.swift */ = {isa = PBXFileReference; fileEncoding = 4; lastKnownFileType = sourcecode.swift; path = MainPageView.swift; sourceTree = "<group>"; };
		F0823DCC1DE9EEA2007BD04D /* MainPageViewController.swift */ = {isa = PBXFileReference; fileEncoding = 4; lastKnownFileType = sourcecode.swift; path = MainPageViewController.swift; sourceTree = "<group>"; };
		F0823DCD1DE9EEA2007BD04D /* MainPageViewInput.swift */ = {isa = PBXFileReference; fileEncoding = 4; lastKnownFileType = sourcecode.swift; path = MainPageViewInput.swift; sourceTree = "<group>"; };
		F08BE1A11DC9265000243B56 /* ActionButtonView.swift */ = {isa = PBXFileReference; fileEncoding = 4; lastKnownFileType = sourcecode.swift; name = ActionButtonView.swift; path = Dricom/Source/Presentation/Views/ActionButtonView.swift; sourceTree = SOURCE_ROOT; };
		F08BE1A31DC926B600243B56 /* SpecMargins.swift */ = {isa = PBXFileReference; fileEncoding = 4; lastKnownFileType = sourcecode.swift; name = SpecMargins.swift; path = Dricom/Source/Presentation/Spec/SpecMargins.swift; sourceTree = SOURCE_ROOT; };
		F08BE1A51DC9326A00243B56 /* ImageButtonView.swift */ = {isa = PBXFileReference; fileEncoding = 4; lastKnownFileType = sourcecode.swift; name = ImageButtonView.swift; path = Dricom/Source/Presentation/Views/ImageButtonView.swift; sourceTree = SOURCE_ROOT; };
		F09209371DC13EFB0057302F /* Dricom.app */ = {isa = PBXFileReference; explicitFileType = wrapper.application; includeInIndex = 0; path = Dricom.app; sourceTree = BUILT_PRODUCTS_DIR; };
		F09209411DC13EFB0057302F /* Assets.xcassets */ = {isa = PBXFileReference; lastKnownFileType = folder.assetcatalog; path = Assets.xcassets; sourceTree = "<group>"; };
		F09209441DC13EFB0057302F /* Base */ = {isa = PBXFileReference; lastKnownFileType = file.storyboard; name = Base; path = Base.lproj/LaunchScreen.storyboard; sourceTree = "<group>"; };
		F09209461DC13EFB0057302F /* Info.plist */ = {isa = PBXFileReference; lastKnownFileType = text.plist.xml; path = Info.plist; sourceTree = "<group>"; };
		F092096F1DC146300057302F /* AppDelegate.swift */ = {isa = PBXFileReference; fileEncoding = 4; lastKnownFileType = sourcecode.swift; path = AppDelegate.swift; sourceTree = "<group>"; };
		F09209921DC14A7F0057302F /* ApplicationAssembly.swift */ = {isa = PBXFileReference; fileEncoding = 4; lastKnownFileType = sourcecode.swift; path = ApplicationAssembly.swift; sourceTree = "<group>"; };
		F09209931DC14A7F0057302F /* ApplicationAssemblyImpl.swift */ = {isa = PBXFileReference; fileEncoding = 4; lastKnownFileType = sourcecode.swift; path = ApplicationAssemblyImpl.swift; sourceTree = "<group>"; };
		F09209951DC14A7F0057302F /* ApplicationInteractor.swift */ = {isa = PBXFileReference; fileEncoding = 4; lastKnownFileType = sourcecode.swift; path = ApplicationInteractor.swift; sourceTree = "<group>"; };
		F09209961DC14A7F0057302F /* ApplicationInteractorImpl.swift */ = {isa = PBXFileReference; fileEncoding = 4; lastKnownFileType = sourcecode.swift; path = ApplicationInteractorImpl.swift; sourceTree = "<group>"; };
		F09209991DC14A7F0057302F /* ApplicationPresenter.swift */ = {isa = PBXFileReference; fileEncoding = 4; lastKnownFileType = sourcecode.swift; path = ApplicationPresenter.swift; sourceTree = "<group>"; };
		F092099B1DC14A7F0057302F /* ApplicationRouter.swift */ = {isa = PBXFileReference; fileEncoding = 4; lastKnownFileType = sourcecode.swift; path = ApplicationRouter.swift; sourceTree = "<group>"; };
		F092099C1DC14A7F0057302F /* ApplicationRouterImpl.swift */ = {isa = PBXFileReference; fileEncoding = 4; lastKnownFileType = sourcecode.swift; path = ApplicationRouterImpl.swift; sourceTree = "<group>"; };
		F09209B31DC1502B0057302F /* AssemblyFactory.swift */ = {isa = PBXFileReference; fileEncoding = 4; lastKnownFileType = sourcecode.swift; path = AssemblyFactory.swift; sourceTree = "<group>"; };
		F09209B51DC150CB0057302F /* AssemblyFactoryImpl.swift */ = {isa = PBXFileReference; fileEncoding = 4; lastKnownFileType = sourcecode.swift; path = AssemblyFactoryImpl.swift; sourceTree = "<group>"; };
		F09209B71DC1513B0057302F /* BaseRouter.swift */ = {isa = PBXFileReference; fileEncoding = 4; lastKnownFileType = sourcecode.swift; name = BaseRouter.swift; path = Router/BaseRouter.swift; sourceTree = "<group>"; };
		F09209BC1DC1524E0057302F /* BaseAssembly.swift */ = {isa = PBXFileReference; fileEncoding = 4; lastKnownFileType = sourcecode.swift; name = BaseAssembly.swift; path = Assembly/BaseAssembly.swift; sourceTree = "<group>"; };
		F0A115151DC6229500A4DC76 /* BaseViewController.swift */ = {isa = PBXFileReference; fileEncoding = 4; lastKnownFileType = sourcecode.swift; name = BaseViewController.swift; path = Dricom/Source/Presentation/ViewControllers/BaseViewController.swift; sourceTree = SOURCE_ROOT; };
		F0A115191DC622D900A4DC76 /* BaseNavigationController.swift */ = {isa = PBXFileReference; fileEncoding = 4; lastKnownFileType = sourcecode.swift; name = BaseNavigationController.swift; path = Dricom/Source/Presentation/ViewControllers/BaseNavigationController.swift; sourceTree = SOURCE_ROOT; };
		F0A115231DC629CE00A4DC76 /* SessionInfo.swift */ = {isa = PBXFileReference; fileEncoding = 4; lastKnownFileType = sourcecode.swift; path = SessionInfo.swift; sourceTree = "<group>"; };
		F0A1152A1DC62C8000A4DC76 /* ViewDebugRegistrationService.swift */ = {isa = PBXFileReference; fileEncoding = 4; lastKnownFileType = sourcecode.swift; name = ViewDebugRegistrationService.swift; path = Dricom/Source/VIPER/Services/ViewDebug/ViewDebugRegistrationService.swift; sourceTree = SOURCE_ROOT; };
		F0A1152C1DC62CB300A4DC76 /* RegistrationService.swift */ = {isa = PBXFileReference; fileEncoding = 4; lastKnownFileType = sourcecode.swift; name = RegistrationService.swift; path = Dricom/Source/VIPER/Services/Interface/RegistrationService.swift; sourceTree = SOURCE_ROOT; };
		F0A1152F1DC62D2000A4DC76 /* DataResult.swift */ = {isa = PBXFileReference; fileEncoding = 4; lastKnownFileType = sourcecode.swift; name = DataResult.swift; path = Core/Common/DataResult.swift; sourceTree = "<group>"; };
		F0A115321DC62DB600A4DC76 /* NetworkError.swift */ = {isa = PBXFileReference; fileEncoding = 4; lastKnownFileType = sourcecode.swift; name = NetworkError.swift; path = Core/Common/NetworkError.swift; sourceTree = "<group>"; };
		F0A115341DC6309F00A4DC76 /* ServiceFactory.swift */ = {isa = PBXFileReference; fileEncoding = 4; lastKnownFileType = sourcecode.swift; name = ServiceFactory.swift; path = Dricom/Source/VIPER/Services/Factory/ServiceFactory.swift; sourceTree = SOURCE_ROOT; };
		F0A115371DC630DD00A4DC76 /* ViewDebugServiceFactory.swift */ = {isa = PBXFileReference; fileEncoding = 4; lastKnownFileType = sourcecode.swift; name = ViewDebugServiceFactory.swift; path = Dricom/Source/VIPER/Services/Factory/ViewDebugServiceFactory.swift; sourceTree = SOURCE_ROOT; };
		F0A1155C1DC637C600A4DC76 /* DisposeBag.swift */ = {isa = PBXFileReference; fileEncoding = 4; lastKnownFileType = sourcecode.swift; path = DisposeBag.swift; sourceTree = "<group>"; };
		F0A1155D1DC637C600A4DC76 /* DisposeBagHolder.swift */ = {isa = PBXFileReference; fileEncoding = 4; lastKnownFileType = sourcecode.swift; path = DisposeBagHolder.swift; sourceTree = "<group>"; };
		F0A115601DC6385400A4DC76 /* RouterFocusable.swift */ = {isa = PBXFileReference; fileEncoding = 4; lastKnownFileType = sourcecode.swift; name = RouterFocusable.swift; path = Router/RouterFocusable.swift; sourceTree = "<group>"; };
		F0A115621DC63A8700A4DC76 /* MainFlowController.swift */ = {isa = PBXFileReference; fileEncoding = 4; lastKnownFileType = sourcecode.swift; path = MainFlowController.swift; sourceTree = "<group>"; };
		F0A115641DC67F8400A4DC76 /* RadialGradientView.swift */ = {isa = PBXFileReference; fileEncoding = 4; lastKnownFileType = sourcecode.swift; name = RadialGradientView.swift; path = Dricom/Source/Presentation/Views/RadialGradientView.swift; sourceTree = SOURCE_ROOT; };
		F0A1156B1DC6863D00A4DC76 /* CGPoint+Extension.swift */ = {isa = PBXFileReference; fileEncoding = 4; lastKnownFileType = sourcecode.swift; name = "CGPoint+Extension.swift"; path = "Core/Extensions/UIKit/CGPoint+Extension.swift"; sourceTree = "<group>"; };
		F0A1156C1DC6863D00A4DC76 /* CGRectLayoutExtension.swift */ = {isa = PBXFileReference; fileEncoding = 4; lastKnownFileType = sourcecode.swift; name = CGRectLayoutExtension.swift; path = Core/Extensions/UIKit/CGRectLayoutExtension.swift; sourceTree = "<group>"; };
		F0A1156D1DC6863D00A4DC76 /* CGSizeLayoutExtension.swift */ = {isa = PBXFileReference; fileEncoding = 4; lastKnownFileType = sourcecode.swift; name = CGSizeLayoutExtension.swift; path = Core/Extensions/UIKit/CGSizeLayoutExtension.swift; sourceTree = "<group>"; };
		F0A1156F1DC6863D00A4DC76 /* UIColorExtension.swift */ = {isa = PBXFileReference; fileEncoding = 4; lastKnownFileType = sourcecode.swift; name = UIColorExtension.swift; path = Core/Extensions/UIKit/UIColorExtension.swift; sourceTree = "<group>"; };
		F0A115701DC6863D00A4DC76 /* UIEdgeInsetsLayoutExtension.swift */ = {isa = PBXFileReference; fileEncoding = 4; lastKnownFileType = sourcecode.swift; name = UIEdgeInsetsLayoutExtension.swift; path = Core/Extensions/UIKit/UIEdgeInsetsLayoutExtension.swift; sourceTree = "<group>"; };
		F0A115711DC6863D00A4DC76 /* UIImageExtension.swift */ = {isa = PBXFileReference; fileEncoding = 4; lastKnownFileType = sourcecode.swift; name = UIImageExtension.swift; path = Core/Extensions/UIKit/UIImageExtension.swift; sourceTree = "<group>"; };
		F0A115721DC6863D00A4DC76 /* UIView+Layout.swift */ = {isa = PBXFileReference; fileEncoding = 4; lastKnownFileType = sourcecode.swift; name = "UIView+Layout.swift"; path = "Core/Extensions/UIKit/UIView+Layout.swift"; sourceTree = "<group>"; };
		F0A115731DC6863D00A4DC76 /* UIView+Properties.swift */ = {isa = PBXFileReference; fileEncoding = 4; lastKnownFileType = sourcecode.swift; name = "UIView+Properties.swift"; path = "Core/Extensions/UIKit/UIView+Properties.swift"; sourceTree = "<group>"; };
		F0A115741DC6863E00A4DC76 /* UIView+Resizing.swift */ = {isa = PBXFileReference; fileEncoding = 4; lastKnownFileType = sourcecode.swift; name = "UIView+Resizing.swift"; path = "Core/Extensions/UIKit/UIView+Resizing.swift"; sourceTree = "<group>"; };
		F0A115751DC6863E00A4DC76 /* UIView+Size.swift */ = {isa = PBXFileReference; fileEncoding = 4; lastKnownFileType = sourcecode.swift; name = "UIView+Size.swift"; path = "Core/Extensions/UIKit/UIView+Size.swift"; sourceTree = "<group>"; };
		F0A115811DC6897300A4DC76 /* SpecColors.swift */ = {isa = PBXFileReference; fileEncoding = 4; lastKnownFileType = sourcecode.swift; name = SpecColors.swift; path = Dricom/Source/Presentation/Spec/SpecColors.swift; sourceTree = SOURCE_ROOT; };
		F0A115841DC68DF500A4DC76 /* ViewLifecycleObservable.swift */ = {isa = PBXFileReference; fileEncoding = 4; lastKnownFileType = sourcecode.swift; name = ViewLifecycleObservable.swift; path = Dricom/Source/Presentation/ViewControllers/ViewLifecycleObservable.swift; sourceTree = SOURCE_ROOT; };
		F0A115861DC68E1D00A4DC76 /* ViewControllerTransition.swift */ = {isa = PBXFileReference; fileEncoding = 4; lastKnownFileType = sourcecode.swift; name = ViewControllerTransition.swift; path = Dricom/Source/Presentation/Transitions/ViewControllerTransition.swift; sourceTree = SOURCE_ROOT; };
		F0A115881DC6914100A4DC76 /* CrossFadePushTransition.swift */ = {isa = PBXFileReference; fileEncoding = 4; lastKnownFileType = sourcecode.swift; name = CrossFadePushTransition.swift; path = Dricom/Source/Presentation/Transitions/CrossFadePushTransition.swift; sourceTree = SOURCE_ROOT; };
		F0D038471DD3AE0500E0085D /* FeedbackAssembly.swift */ = {isa = PBXFileReference; fileEncoding = 4; lastKnownFileType = sourcecode.swift; path = FeedbackAssembly.swift; sourceTree = "<group>"; };
		F0D038481DD3AE0500E0085D /* FeedbackAssemblyImpl.swift */ = {isa = PBXFileReference; fileEncoding = 4; lastKnownFileType = sourcecode.swift; path = FeedbackAssemblyImpl.swift; sourceTree = "<group>"; };
		F0D0384A1DD3AE0500E0085D /* FeedbackInteractor.swift */ = {isa = PBXFileReference; fileEncoding = 4; lastKnownFileType = sourcecode.swift; path = FeedbackInteractor.swift; sourceTree = "<group>"; };
		F0D0384B1DD3AE0500E0085D /* FeedbackInteractorImpl.swift */ = {isa = PBXFileReference; fileEncoding = 4; lastKnownFileType = sourcecode.swift; path = FeedbackInteractorImpl.swift; sourceTree = "<group>"; };
		F0D0384D1DD3AE0500E0085D /* FeedbackModule.swift */ = {isa = PBXFileReference; fileEncoding = 4; lastKnownFileType = sourcecode.swift; path = FeedbackModule.swift; sourceTree = "<group>"; };
		F0D0384E1DD3AE0500E0085D /* FeedbackPresenter.swift */ = {isa = PBXFileReference; fileEncoding = 4; lastKnownFileType = sourcecode.swift; path = FeedbackPresenter.swift; sourceTree = "<group>"; };
		F0D038501DD3AE0500E0085D /* FeedbackRouter.swift */ = {isa = PBXFileReference; fileEncoding = 4; lastKnownFileType = sourcecode.swift; path = FeedbackRouter.swift; sourceTree = "<group>"; };
		F0D038511DD3AE0500E0085D /* FeedbackRouterImpl.swift */ = {isa = PBXFileReference; fileEncoding = 4; lastKnownFileType = sourcecode.swift; path = FeedbackRouterImpl.swift; sourceTree = "<group>"; };
		F0D038531DD3AE0500E0085D /* FeedbackView.swift */ = {isa = PBXFileReference; fileEncoding = 4; lastKnownFileType = sourcecode.swift; path = FeedbackView.swift; sourceTree = "<group>"; };
		F0D038541DD3AE0500E0085D /* FeedbackViewController.swift */ = {isa = PBXFileReference; fileEncoding = 4; lastKnownFileType = sourcecode.swift; path = FeedbackViewController.swift; sourceTree = "<group>"; };
		F0D038551DD3AE0500E0085D /* FeedbackViewInput.swift */ = {isa = PBXFileReference; fileEncoding = 4; lastKnownFileType = sourcecode.swift; path = FeedbackViewInput.swift; sourceTree = "<group>"; };
		F0D038611DD3AFA100E0085D /* RouterFeedbackShowable.swift */ = {isa = PBXFileReference; fileEncoding = 4; lastKnownFileType = sourcecode.swift; name = RouterFeedbackShowable.swift; path = Router/RouterFeedbackShowable.swift; sourceTree = "<group>"; };
		F0F434071DD10CAB00F278BD /* AlertDisplayable.swift */ = {isa = PBXFileReference; fileEncoding = 4; lastKnownFileType = sourcecode.swift; name = AlertDisplayable.swift; path = MessageDisplaying/AlertDisplayable.swift; sourceTree = "<group>"; };
		F0F4340A1DD10CC500F278BD /* WindowWaiter.swift */ = {isa = PBXFileReference; fileEncoding = 4; lastKnownFileType = sourcecode.swift; path = WindowWaiter.swift; sourceTree = "<group>"; };
		F0F434101DD119EE00F278BD /* ViewDebugAuthorizationService.swift */ = {isa = PBXFileReference; fileEncoding = 4; lastKnownFileType = sourcecode.swift; name = ViewDebugAuthorizationService.swift; path = Dricom/Source/VIPER/Services/ViewDebug/ViewDebugAuthorizationService.swift; sourceTree = SOURCE_ROOT; };
		F0F434121DD11A7100F278BD /* AuthorizationService.swift */ = {isa = PBXFileReference; fileEncoding = 4; lastKnownFileType = sourcecode.swift; name = AuthorizationService.swift; path = Dricom/Source/VIPER/Services/Interface/AuthorizationService.swift; sourceTree = SOURCE_ROOT; };
/* End PBXFileReference section */

/* Begin PBXFrameworksBuildPhase section */
		F09209341DC13EFB0057302F /* Frameworks */ = {
			isa = PBXFrameworksBuildPhase;
			buildActionMask = 2147483647;
			files = (
				9B2644558852E66D87B22CAF /* Pods_Dricom.framework in Frameworks */,
			);
			runOnlyForDeploymentPostprocessing = 0;
		};
/* End PBXFrameworksBuildPhase section */

/* Begin PBXGroup section */
		EED58C307B694DD777F955D9 /* Pods */ = {
			isa = PBXGroup;
			children = (
				4DB1949EEFE9AB53D8BFFE3D /* Pods-Dricom.debug.xcconfig */,
				3CEAD0BF03CF89749F61C8F2 /* Pods-Dricom.release.xcconfig */,
			);
			name = Pods;
			sourceTree = "<group>";
		};
		F021D69E1DD7A61900F50091 /* MailComposer */ = {
			isa = PBXGroup;
			children = (
				F021D69F1DD7A61900F50091 /* Assembly */,
			);
			path = MailComposer;
			sourceTree = "<group>";
		};
		F021D69F1DD7A61900F50091 /* Assembly */ = {
			isa = PBXGroup;
			children = (
				F021D6A11DD7A61900F50091 /* MailComposerAssembly.swift */,
				F021D6A01DD7A61900F50091 /* MailComposerAssemblyImpl.swift */,
			);
			path = Assembly;
			sourceTree = "<group>";
		};
		F021D6A61DD7A6EE00F50091 /* MailComposeDelegateService */ = {
			isa = PBXGroup;
			children = (
				F021D6A41DD7A6E300F50091 /* MailComposeDelegateService.swift */,
			);
			name = MailComposeDelegateService;
			sourceTree = "<group>";
		};
		F021D6AD1DD7B99300F50091 /* Register */ = {
			isa = PBXGroup;
			children = (
				F021D6AE1DD7B99300F50091 /* Assembly */,
				F021D6B11DD7B99300F50091 /* Interactor */,
				F021D6B41DD7B99300F50091 /* Presenter */,
				F021D6B71DD7B99300F50091 /* Router */,
				F021D6BA1DD7B99300F50091 /* View */,
			);
			path = Register;
			sourceTree = "<group>";
		};
		F021D6AE1DD7B99300F50091 /* Assembly */ = {
			isa = PBXGroup;
			children = (
				F021D6AF1DD7B99300F50091 /* RegisterAssembly.swift */,
				F021D6B01DD7B99300F50091 /* RegisterAssemblyImpl.swift */,
			);
			path = Assembly;
			sourceTree = "<group>";
		};
		F021D6B11DD7B99300F50091 /* Interactor */ = {
			isa = PBXGroup;
			children = (
				F021D6B21DD7B99300F50091 /* RegisterInteractor.swift */,
				F021D6B31DD7B99300F50091 /* RegisterInteractorImpl.swift */,
			);
			path = Interactor;
			sourceTree = "<group>";
		};
		F021D6B41DD7B99300F50091 /* Presenter */ = {
			isa = PBXGroup;
			children = (
				F021D6B51DD7B99300F50091 /* RegisterModule.swift */,
				F021D6B61DD7B99300F50091 /* RegisterPresenter.swift */,
				F021D7A41DDF1B3D00F50091 /* RegisterInputField.swift */,
			);
			path = Presenter;
			sourceTree = "<group>";
		};
		F021D6B71DD7B99300F50091 /* Router */ = {
			isa = PBXGroup;
			children = (
				F021D6B81DD7B99300F50091 /* RegisterRouter.swift */,
				F021D6B91DD7B99300F50091 /* RegisterRouterImpl.swift */,
			);
			path = Router;
			sourceTree = "<group>";
		};
		F021D6BA1DD7B99300F50091 /* View */ = {
			isa = PBXGroup;
			children = (
				F021D6BB1DD7B99300F50091 /* RegisterView.swift */,
				F021D6BC1DD7B99300F50091 /* RegisterViewController.swift */,
				F021D6BD1DD7B99300F50091 /* RegisterViewInput.swift */,
			);
			path = View;
			sourceTree = "<group>";
		};
		F021D6CB1DD8879800F50091 /* Pods */ = {
			isa = PBXGroup;
			children = (
				F021D6C91DD8879300F50091 /* Podfile */,
			);
			name = Pods;
			sourceTree = "<group>";
		};
		F021D6D21DD8925B00F50091 /* Camera */ = {
			isa = PBXGroup;
			children = (
				F021D6D31DD8925B00F50091 /* Assembly */,
				F021D6D61DD8925B00F50091 /* Interactor */,
				F021D6D91DD8925B00F50091 /* Presenter */,
				F021D6DC1DD8925B00F50091 /* Router */,
				F021D6DF1DD8925B00F50091 /* View */,
			);
			path = Camera;
			sourceTree = "<group>";
		};
		F021D6D31DD8925B00F50091 /* Assembly */ = {
			isa = PBXGroup;
			children = (
				F021D6D41DD8925B00F50091 /* CameraAssembly.swift */,
				F021D6D51DD8925B00F50091 /* CameraAssemblyImpl.swift */,
			);
			path = Assembly;
			sourceTree = "<group>";
		};
		F021D6D61DD8925B00F50091 /* Interactor */ = {
			isa = PBXGroup;
			children = (
				F021D6D71DD8925B00F50091 /* CameraInteractor.swift */,
				F021D6D81DD8925B00F50091 /* CameraInteractorImpl.swift */,
			);
			path = Interactor;
			sourceTree = "<group>";
		};
		F021D6D91DD8925B00F50091 /* Presenter */ = {
			isa = PBXGroup;
			children = (
				F021D6DA1DD8925B00F50091 /* CameraModule.swift */,
				F021D6DB1DD8925B00F50091 /* CameraPresenter.swift */,
			);
			path = Presenter;
			sourceTree = "<group>";
		};
		F021D6DC1DD8925B00F50091 /* Router */ = {
			isa = PBXGroup;
			children = (
				F021D6DD1DD8925B00F50091 /* CameraRouter.swift */,
				F021D6DE1DD8925B00F50091 /* CameraRouterImpl.swift */,
			);
			path = Router;
			sourceTree = "<group>";
		};
		F021D6DF1DD8925B00F50091 /* View */ = {
			isa = PBXGroup;
			children = (
				F021D6E21DD8925B00F50091 /* CameraViewInput.swift */,
				F021D6F01DDDB53600F50091 /* Camera */,
				F021D6F11DDDB53C00F50091 /* Preview */,
			);
			path = View;
			sourceTree = "<group>";
		};
		F021D6F01DDDB53600F50091 /* Camera */ = {
			isa = PBXGroup;
			children = (
				F021D6E11DD8925B00F50091 /* CameraViewController.swift */,
				F021D6E01DD8925B00F50091 /* CameraView.swift */,
			);
			name = Camera;
			sourceTree = "<group>";
		};
		F021D6F11DDDB53C00F50091 /* Preview */ = {
			isa = PBXGroup;
			children = (
				F021D6EE1DDDB4E600F50091 /* CameraPreviewViewController.swift */,
				F021D6F21DDDB5E600F50091 /* CameraPreviewView.swift */,
			);
			name = Preview;
			sourceTree = "<group>";
		};
		F021D7AA1DE0E64300F50091 /* Validation */ = {
			isa = PBXGroup;
			children = (
				F021D7A81DE0E63F00F50091 /* RegisterDataValidationService.swift */,
			);
			name = Validation;
			sourceTree = "<group>";
		};
		F076D62F1DCF67F200E3ED0F /* Login */ = {
			isa = PBXGroup;
			children = (
				F076D6301DCF67F200E3ED0F /* Assembly */,
				F076D6331DCF67F200E3ED0F /* Interactor */,
				F076D6361DCF67F200E3ED0F /* Presenter */,
				F076D6391DCF67F200E3ED0F /* Router */,
				F076D63C1DCF67F200E3ED0F /* View */,
			);
			name = Login;
			path = Dricom/Source/VIPER/Login;
			sourceTree = SOURCE_ROOT;
		};
		F076D6301DCF67F200E3ED0F /* Assembly */ = {
			isa = PBXGroup;
			children = (
				F076D6311DCF67F200E3ED0F /* LoginAssembly.swift */,
				F076D6321DCF67F200E3ED0F /* LoginAssemblyImpl.swift */,
			);
			path = Assembly;
			sourceTree = "<group>";
		};
		F076D6331DCF67F200E3ED0F /* Interactor */ = {
			isa = PBXGroup;
			children = (
				F076D6341DCF67F200E3ED0F /* LoginInteractor.swift */,
				F076D6351DCF67F200E3ED0F /* LoginInteractorImpl.swift */,
			);
			path = Interactor;
			sourceTree = "<group>";
		};
		F076D6361DCF67F200E3ED0F /* Presenter */ = {
			isa = PBXGroup;
			children = (
				F076D6371DCF67F200E3ED0F /* LoginModule.swift */,
				F076D6381DCF67F200E3ED0F /* LoginPresenter.swift */,
			);
			path = Presenter;
			sourceTree = "<group>";
		};
		F076D6391DCF67F200E3ED0F /* Router */ = {
			isa = PBXGroup;
			children = (
				F076D63A1DCF67F200E3ED0F /* LoginRouter.swift */,
				F076D63B1DCF67F200E3ED0F /* LoginRouterImpl.swift */,
			);
			path = Router;
			sourceTree = "<group>";
		};
		F076D63C1DCF67F200E3ED0F /* View */ = {
			isa = PBXGroup;
			children = (
				F076D63D1DCF67F200E3ED0F /* LoginView.swift */,
				F076D63E1DCF67F200E3ED0F /* LoginViewController.swift */,
				F076D63F1DCF67F200E3ED0F /* LoginViewInput.swift */,
			);
			path = View;
			sourceTree = "<group>";
		};
		F076D64D1DCF688500E3ED0F /* Module */ = {
			isa = PBXGroup;
			children = (
				F076D6521DCF6CFB00E3ED0F /* ModuleDismissable.swift */,
				F076D64B1DCF684A00E3ED0F /* ModuleFocusable.swift */,
			);
			name = Module;
			sourceTree = "<group>";
		};
		F076D6561DCF6D2F00E3ED0F /* MessageDisplaying */ = {
			isa = PBXGroup;
			children = (
				F0F434071DD10CAB00F278BD /* AlertDisplayable.swift */,
				F076D6541DCF6D2000E3ED0F /* MessageDisplayable.swift */,
				F076D6571DCF6E2F00E3ED0F /* StandardAlert.swift */,
			);
			name = MessageDisplaying;
			sourceTree = "<group>";
		};
		F076D65D1DCF6F3800E3ED0F /* SwiftAdditions */ = {
			isa = PBXGroup;
			children = (
				F076D65E1DCF6F3800E3ED0F /* AppMetadataExtension.swift */,
				F076D65F1DCF6F3800E3ED0F /* CollectionsExtensions.swift */,
				F076D6601DCF6F3800E3ED0F /* DictionaryExtensions.swift */,
				F076D6611DCF6F3800E3ED0F /* NumbersExtension.swift */,
				F076D6741DCF6FC500E3ED0F /* NSURLPathComponents.swift */,
				F076D6621DCF6F3800E3ED0F /* OptionalsExtensions.swift */,
				F076D6631DCF6F3800E3ED0F /* RangeExtension.swift */,
				F076D6641DCF6F3800E3ED0F /* SequenceTypeExtensions.swift */,
				F076D6651DCF6F3800E3ED0F /* String+Pluralization.swift */,
				F076D6661DCF6F3800E3ED0F /* StringExtension.swift */,
				F076D6671DCF6F3800E3ED0F /* StringExtensions.swift */,
			);
			name = SwiftAdditions;
			path = Core/Extensions/SwiftAdditions;
			sourceTree = "<group>";
		};
		F0823DB81DE9D931007BD04D /* ActivityDisplayable */ = {
			isa = PBXGroup;
			children = (
				F0823DB61DE9D929007BD04D /* ActivityDisplayable.swift */,
			);
			name = ActivityDisplayable;
			sourceTree = "<group>";
		};
		F0823DBD1DE9EEA2007BD04D /* MainPage */ = {
			isa = PBXGroup;
			children = (
				F0823DBE1DE9EEA2007BD04D /* Assembly */,
				F0823DC11DE9EEA2007BD04D /* Interactor */,
				F0823DC41DE9EEA2007BD04D /* Presenter */,
				F0823DC71DE9EEA2007BD04D /* Router */,
				F0823DCA1DE9EEA2007BD04D /* View */,
			);
			path = MainPage;
			sourceTree = "<group>";
		};
		F0823DBE1DE9EEA2007BD04D /* Assembly */ = {
			isa = PBXGroup;
			children = (
				F0823DBF1DE9EEA2007BD04D /* MainPageAssembly.swift */,
				F0823DC01DE9EEA2007BD04D /* MainPageAssemblyImpl.swift */,
			);
			path = Assembly;
			sourceTree = "<group>";
		};
		F0823DC11DE9EEA2007BD04D /* Interactor */ = {
			isa = PBXGroup;
			children = (
				F0823DC21DE9EEA2007BD04D /* MainPageInteractor.swift */,
				F0823DC31DE9EEA2007BD04D /* MainPageInteractorImpl.swift */,
			);
			path = Interactor;
			sourceTree = "<group>";
		};
		F0823DC41DE9EEA2007BD04D /* Presenter */ = {
			isa = PBXGroup;
			children = (
				F0823DC61DE9EEA2007BD04D /* MainPagePresenter.swift */,
			);
			path = Presenter;
			sourceTree = "<group>";
		};
		F0823DC71DE9EEA2007BD04D /* Router */ = {
			isa = PBXGroup;
			children = (
				F0823DC81DE9EEA2007BD04D /* MainPageRouter.swift */,
				F0823DC91DE9EEA2007BD04D /* MainPageRouterImpl.swift */,
			);
			path = Router;
			sourceTree = "<group>";
		};
		F0823DCA1DE9EEA2007BD04D /* View */ = {
			isa = PBXGroup;
			children = (
				F0823DCB1DE9EEA2007BD04D /* MainPageView.swift */,
				F0823DCC1DE9EEA2007BD04D /* MainPageViewController.swift */,
				F0823DCD1DE9EEA2007BD04D /* MainPageViewInput.swift */,
			);
			path = View;
			sourceTree = "<group>";
		};
		F092092E1DC13EFB0057302F = {
			isa = PBXGroup;
			children = (
				F09209391DC13EFB0057302F /* Dricom */,
				F09209381DC13EFB0057302F /* Products */,
				EED58C307B694DD777F955D9 /* Pods */,
				F279DA0D2D1A1E4AFAC3F9E1 /* Frameworks */,
			);
			sourceTree = "<group>";
		};
		F09209381DC13EFB0057302F /* Products */ = {
			isa = PBXGroup;
			children = (
				F09209371DC13EFB0057302F /* Dricom.app */,
			);
			name = Products;
			sourceTree = "<group>";
		};
		F09209391DC13EFB0057302F /* Dricom */ = {
			isa = PBXGroup;
			children = (
				F092096D1DC146300057302F /* Source */,
				F092094C1DC141D80057302F /* Resources */,
				F092094D1DC141E20057302F /* Supporting files */,
				F021D6CB1DD8879800F50091 /* Pods */,
			);
			path = Dricom;
			sourceTree = "<group>";
		};
		F092094C1DC141D80057302F /* Resources */ = {
			isa = PBXGroup;
			children = (
				F09209411DC13EFB0057302F /* Assets.xcassets */,
				F09209431DC13EFB0057302F /* LaunchScreen.storyboard */,
			);
			name = Resources;
			sourceTree = "<group>";
		};
		F092094D1DC141E20057302F /* Supporting files */ = {
			isa = PBXGroup;
			children = (
				F09209461DC13EFB0057302F /* Info.plist */,
			);
			name = "Supporting files";
			sourceTree = "<group>";
		};
		F092096D1DC146300057302F /* Source */ = {
			isa = PBXGroup;
			children = (
				F092096E1DC146300057302F /* Application */,
				F09209701DC146300057302F /* VIPER */,
				F0A115171DC622A100A4DC76 /* Presentation */,
				F0A1151D1DC6284400A4DC76 /* Core */,
			);
			path = Source;
			sourceTree = "<group>";
		};
		F092096E1DC146300057302F /* Application */ = {
			isa = PBXGroup;
			children = (
				F092096F1DC146300057302F /* AppDelegate.swift */,
			);
			path = Application;
			sourceTree = "<group>";
		};
		F09209701DC146300057302F /* VIPER */ = {
			isa = PBXGroup;
			children = (
				F09209B11DC1502B0057302F /* Common */,
				F09209901DC14A7F0057302F /* Application */,
				F021D6D21DD8925B00F50091 /* Camera */,
				F0D038451DD3AE0500E0085D /* Feedback */,
				F021D69E1DD7A61900F50091 /* MailComposer */,
				F0823DBD1DE9EEA2007BD04D /* MainPage */,
				F076D62F1DCF67F200E3ED0F /* Login */,
				F021D6AD1DD7B99300F50091 /* Register */,
				F0A115271DC62C2E00A4DC76 /* Services */,
			);
			path = VIPER;
			sourceTree = "<group>";
		};
		F09209901DC14A7F0057302F /* Application */ = {
			isa = PBXGroup;
			children = (
				F09209911DC14A7F0057302F /* Assembly */,
				F09209941DC14A7F0057302F /* Interactor */,
				F09209971DC14A7F0057302F /* Presenter */,
				F092099A1DC14A7F0057302F /* Router */,
			);
			path = Application;
			sourceTree = "<group>";
		};
		F09209911DC14A7F0057302F /* Assembly */ = {
			isa = PBXGroup;
			children = (
				F09209921DC14A7F0057302F /* ApplicationAssembly.swift */,
				F09209931DC14A7F0057302F /* ApplicationAssemblyImpl.swift */,
			);
			path = Assembly;
			sourceTree = "<group>";
		};
		F09209941DC14A7F0057302F /* Interactor */ = {
			isa = PBXGroup;
			children = (
				F09209951DC14A7F0057302F /* ApplicationInteractor.swift */,
				F09209961DC14A7F0057302F /* ApplicationInteractorImpl.swift */,
			);
			path = Interactor;
			sourceTree = "<group>";
		};
		F09209971DC14A7F0057302F /* Presenter */ = {
			isa = PBXGroup;
			children = (
				F09209991DC14A7F0057302F /* ApplicationPresenter.swift */,
				F0A115621DC63A8700A4DC76 /* MainFlowController.swift */,
			);
			path = Presenter;
			sourceTree = "<group>";
		};
		F092099A1DC14A7F0057302F /* Router */ = {
			isa = PBXGroup;
			children = (
				F092099B1DC14A7F0057302F /* ApplicationRouter.swift */,
				F092099C1DC14A7F0057302F /* ApplicationRouterImpl.swift */,
			);
			path = Router;
			sourceTree = "<group>";
		};
		F09209B11DC1502B0057302F /* Common */ = {
			isa = PBXGroup;
			children = (
				F0823DB81DE9D931007BD04D /* ActivityDisplayable */,
				F09209BE1DC152530057302F /* Assembly */,
				F09209B21DC1502B0057302F /* AssemblyFactory */,
				F021D6A61DD7A6EE00F50091 /* MailComposeDelegateService */,
				F076D6561DCF6D2F00E3ED0F /* MessageDisplaying */,
				F076D64D1DCF688500E3ED0F /* Module */,
				F09209B91DC151400057302F /* Router */,
			);
			path = Common;
			sourceTree = "<group>";
		};
		F09209B21DC1502B0057302F /* AssemblyFactory */ = {
			isa = PBXGroup;
			children = (
				F09209B31DC1502B0057302F /* AssemblyFactory.swift */,
				F09209B51DC150CB0057302F /* AssemblyFactoryImpl.swift */,
			);
			path = AssemblyFactory;
			sourceTree = "<group>";
		};
		F09209B91DC151400057302F /* Router */ = {
			isa = PBXGroup;
			children = (
				F09209B71DC1513B0057302F /* BaseRouter.swift */,
				F0A115601DC6385400A4DC76 /* RouterFocusable.swift */,
				F076D6501DCF6A0000E3ED0F /* RouterDismissable.swift */,
				F0D038611DD3AFA100E0085D /* RouterFeedbackShowable.swift */,
				F021D6CE1DD8914200F50091 /* RouterCameraShowable.swift */,
				F076D67E1DCFAEF400E3ED0F /* ViewControllerPosition.swift */,
			);
			name = Router;
			sourceTree = "<group>";
		};
		F09209BE1DC152530057302F /* Assembly */ = {
			isa = PBXGroup;
			children = (
				F09209BC1DC1524E0057302F /* BaseAssembly.swift */,
			);
			name = Assembly;
			sourceTree = "<group>";
		};
		F0A115171DC622A100A4DC76 /* Presentation */ = {
			isa = PBXGroup;
			children = (
				F0A115831DC68DDD00A4DC76 /* Spec */,
				F0A115661DC67F9500A4DC76 /* View */,
				F0A115181DC622AB00A4DC76 /* ViewControllers */,
				F0A1158A1DC6914700A4DC76 /* ViewControllerTransitions */,
				F0F434091DD10CC400F278BD /* UIServices */,
			);
			name = Presentation;
			path = VIPER;
			sourceTree = "<group>";
		};
		F0A115181DC622AB00A4DC76 /* ViewControllers */ = {
			isa = PBXGroup;
			children = (
				F0A115841DC68DF500A4DC76 /* ViewLifecycleObservable.swift */,
				F0A115151DC6229500A4DC76 /* BaseViewController.swift */,
				F0A115191DC622D900A4DC76 /* BaseNavigationController.swift */,
				F021D7A61DE0DF3500F50091 /* ContentScrollingViewController.swift */,
			);
			name = ViewControllers;
			sourceTree = "<group>";
		};
		F0A1151D1DC6284400A4DC76 /* Core */ = {
			isa = PBXGroup;
			children = (
				F0A115311DC62D2300A4DC76 /* Common */,
				F0A115221DC629CE00A4DC76 /* Model */,
				F0A1151E1DC6284B00A4DC76 /* Networking */,
				F0A1155B1DC637C600A4DC76 /* Utilities */,
				F0A115691DC685B300A4DC76 /* Extensions */,
			);
			name = Core;
			sourceTree = "<group>";
		};
		F0A1151E1DC6284B00A4DC76 /* Networking */ = {
			isa = PBXGroup;
			children = (
			);
			name = Networking;
			sourceTree = "<group>";
		};
		F0A115221DC629CE00A4DC76 /* Model */ = {
			isa = PBXGroup;
			children = (
				F0A115231DC629CE00A4DC76 /* SessionInfo.swift */,
				F01398E41DF43D8300E4F188 /* User.swift */,
			);
			name = Model;
			path = Core/Model;
			sourceTree = "<group>";
		};
		F0A115271DC62C2E00A4DC76 /* Services */ = {
			isa = PBXGroup;
			children = (
				F0A115361DC630A500A4DC76 /* Factory */,
				F0A1152E1DC62CB800A4DC76 /* Interface */,
				F0A115291DC62C6900A4DC76 /* Network */,
				F021D7AA1DE0E64300F50091 /* Validation */,
				F0A115281DC62C3700A4DC76 /* ViewDebug */,
			);
			name = Services;
			path = Application;
			sourceTree = "<group>";
		};
		F0A115281DC62C3700A4DC76 /* ViewDebug */ = {
			isa = PBXGroup;
			children = (
				F0F434101DD119EE00F278BD /* ViewDebugAuthorizationService.swift */,
				F0A1152A1DC62C8000A4DC76 /* ViewDebugRegistrationService.swift */,
			);
			name = ViewDebug;
			sourceTree = "<group>";
		};
		F0A115291DC62C6900A4DC76 /* Network */ = {
			isa = PBXGroup;
			children = (
			);
			name = Network;
			path = Dricom/Source/VIPER/Services/Network;
			sourceTree = SOURCE_ROOT;
		};
		F0A1152E1DC62CB800A4DC76 /* Interface */ = {
			isa = PBXGroup;
			children = (
				F0A1152C1DC62CB300A4DC76 /* RegistrationService.swift */,
				F0F434121DD11A7100F278BD /* AuthorizationService.swift */,
			);
			name = Interface;
			sourceTree = "<group>";
		};
		F0A115311DC62D2300A4DC76 /* Common */ = {
			isa = PBXGroup;
			children = (
				F0A1152F1DC62D2000A4DC76 /* DataResult.swift */,
				F0A115321DC62DB600A4DC76 /* NetworkError.swift */,
			);
			name = Common;
			sourceTree = "<group>";
		};
		F0A115361DC630A500A4DC76 /* Factory */ = {
			isa = PBXGroup;
			children = (
				F0A115341DC6309F00A4DC76 /* ServiceFactory.swift */,
				F0A115371DC630DD00A4DC76 /* ViewDebugServiceFactory.swift */,
			);
			name = Factory;
			sourceTree = "<group>";
		};
		F0A1155B1DC637C600A4DC76 /* Utilities */ = {
			isa = PBXGroup;
			children = (
				F0A1155C1DC637C600A4DC76 /* DisposeBag.swift */,
				F0A1155D1DC637C600A4DC76 /* DisposeBagHolder.swift */,
				F021D7151DDE420100F50091 /* PHAssetUtilities.swift */,
			);
			name = Utilities;
			path = Core/Utilities;
			sourceTree = "<group>";
		};
		F0A115661DC67F9500A4DC76 /* View */ = {
			isa = PBXGroup;
			children = (
				F08BE1A11DC9265000243B56 /* ActionButtonView.swift */,
				F076D6761DCF762700E3ED0F /* ContentScrollingView.swift */,
				F076D67C1DCF8F4900E3ED0F /* DoneButtonAccessoryView.swift */,
				F08BE1A51DC9326A00243B56 /* ImageButtonView.swift */,
				F0A115641DC67F8400A4DC76 /* RadialGradientView.swift */,
				F0823DB91DE9DA10007BD04D /* StandardPreloaderView.swift */,
				F076D67A1DCF87D300E3ED0F /* TextFieldView.swift */,
			);
			name = View;
			sourceTree = "<group>";
		};
		F0A115691DC685B300A4DC76 /* Extensions */ = {
			isa = PBXGroup;
			children = (
				F076D65D1DCF6F3800E3ED0F /* SwiftAdditions */,
				F0A1156A1DC685BC00A4DC76 /* UIKit */,
			);
			name = Extensions;
			sourceTree = "<group>";
		};
		F0A1156A1DC685BC00A4DC76 /* UIKit */ = {
			isa = PBXGroup;
			children = (
				F0A1156B1DC6863D00A4DC76 /* CGPoint+Extension.swift */,
				F0A1156C1DC6863D00A4DC76 /* CGRectLayoutExtension.swift */,
				F0A1156D1DC6863D00A4DC76 /* CGSizeLayoutExtension.swift */,
				F0A1156F1DC6863D00A4DC76 /* UIColorExtension.swift */,
				F0A115701DC6863D00A4DC76 /* UIEdgeInsetsLayoutExtension.swift */,
				F0A115711DC6863D00A4DC76 /* UIImageExtension.swift */,
				F0A115721DC6863D00A4DC76 /* UIView+Layout.swift */,
				F0A115731DC6863D00A4DC76 /* UIView+Properties.swift */,
				F0A115741DC6863E00A4DC76 /* UIView+Resizing.swift */,
				F0A115751DC6863E00A4DC76 /* UIView+Size.swift */,
				F076D6781DCF7DD200E3ED0F /* UIView+FindFirstResponder.swift */,
			);
			name = UIKit;
			sourceTree = "<group>";
		};
		F0A115831DC68DDD00A4DC76 /* Spec */ = {
			isa = PBXGroup;
			children = (
				F0A115811DC6897300A4DC76 /* SpecColors.swift */,
				F08BE1A31DC926B600243B56 /* SpecMargins.swift */,
				F021D6CC1DD88D6100F50091 /* SpecSizes.swift */,
			);
			name = Spec;
			sourceTree = "<group>";
		};
		F0A1158A1DC6914700A4DC76 /* ViewControllerTransitions */ = {
			isa = PBXGroup;
			children = (
				F0A115861DC68E1D00A4DC76 /* ViewControllerTransition.swift */,
				F0A115881DC6914100A4DC76 /* CrossFadePushTransition.swift */,
			);
			name = ViewControllerTransitions;
			sourceTree = "<group>";
		};
		F0D038451DD3AE0500E0085D /* Feedback */ = {
			isa = PBXGroup;
			children = (
				F0D038461DD3AE0500E0085D /* Assembly */,
				F0D038491DD3AE0500E0085D /* Interactor */,
				F0D0384C1DD3AE0500E0085D /* Presenter */,
				F0D0384F1DD3AE0500E0085D /* Router */,
				F0D038521DD3AE0500E0085D /* View */,
			);
			name = Feedback;
			path = Dricom/Source/VIPER/Application/Feedback;
			sourceTree = SOURCE_ROOT;
		};
		F0D038461DD3AE0500E0085D /* Assembly */ = {
			isa = PBXGroup;
			children = (
				F0D038471DD3AE0500E0085D /* FeedbackAssembly.swift */,
				F0D038481DD3AE0500E0085D /* FeedbackAssemblyImpl.swift */,
			);
			path = Assembly;
			sourceTree = "<group>";
		};
		F0D038491DD3AE0500E0085D /* Interactor */ = {
			isa = PBXGroup;
			children = (
				F0D0384A1DD3AE0500E0085D /* FeedbackInteractor.swift */,
				F0D0384B1DD3AE0500E0085D /* FeedbackInteractorImpl.swift */,
			);
			path = Interactor;
			sourceTree = "<group>";
		};
		F0D0384C1DD3AE0500E0085D /* Presenter */ = {
			isa = PBXGroup;
			children = (
				F0D0384D1DD3AE0500E0085D /* FeedbackModule.swift */,
				F0D0384E1DD3AE0500E0085D /* FeedbackPresenter.swift */,
				F021D69A1DD7A43A00F50091 /* SupportMessageData.swift */,
			);
			path = Presenter;
			sourceTree = "<group>";
		};
		F0D0384F1DD3AE0500E0085D /* Router */ = {
			isa = PBXGroup;
			children = (
				F0D038501DD3AE0500E0085D /* FeedbackRouter.swift */,
				F0D038511DD3AE0500E0085D /* FeedbackRouterImpl.swift */,
			);
			path = Router;
			sourceTree = "<group>";
		};
		F0D038521DD3AE0500E0085D /* View */ = {
			isa = PBXGroup;
			children = (
				F0D038531DD3AE0500E0085D /* FeedbackView.swift */,
				F0D038541DD3AE0500E0085D /* FeedbackViewController.swift */,
				F0D038551DD3AE0500E0085D /* FeedbackViewInput.swift */,
			);
			path = View;
			sourceTree = "<group>";
		};
		F0F434091DD10CC400F278BD /* UIServices */ = {
			isa = PBXGroup;
			children = (
				F0F4340A1DD10CC500F278BD /* WindowWaiter.swift */,
			);
			name = UIServices;
			path = Dricom/Source/Presentation/UIServices;
			sourceTree = SOURCE_ROOT;
		};
		F279DA0D2D1A1E4AFAC3F9E1 /* Frameworks */ = {
			isa = PBXGroup;
			children = (
				38FE1AE5ED782AA0B3DB9DB8 /* Pods_Dricom.framework */,
			);
			name = Frameworks;
			sourceTree = "<group>";
		};
/* End PBXGroup section */

/* Begin PBXNativeTarget section */
		F09209361DC13EFB0057302F /* Dricom */ = {
			isa = PBXNativeTarget;
			buildConfigurationList = F09209491DC13EFB0057302F /* Build configuration list for PBXNativeTarget "Dricom" */;
			buildPhases = (
				2F81E5BBC8557FDD40633FCE /* [CP] Check Pods Manifest.lock */,
				F09209331DC13EFB0057302F /* Sources */,
				F09209341DC13EFB0057302F /* Frameworks */,
				F09209351DC13EFB0057302F /* Resources */,
				09816CE5E51C7FF88FF5C28C /* [CP] Embed Pods Frameworks */,
				BD886E7D33C4FD76B619FEBD /* [CP] Copy Pods Resources */,
			);
			buildRules = (
			);
			dependencies = (
			);
			name = Dricom;
			productName = Dricom;
			productReference = F09209371DC13EFB0057302F /* Dricom.app */;
			productType = "com.apple.product-type.application";
		};
/* End PBXNativeTarget section */

/* Begin PBXProject section */
		F092092F1DC13EFB0057302F /* Project object */ = {
			isa = PBXProject;
			attributes = {
				LastSwiftUpdateCheck = 0800;
				LastUpgradeCheck = 0810;
				ORGANIZATIONNAME = Dricom;
				TargetAttributes = {
					F09209361DC13EFB0057302F = {
						CreatedOnToolsVersion = 8.0;
						DevelopmentTeam = RU54DQG53V;
						ProvisioningStyle = Manual;
					};
				};
			};
			buildConfigurationList = F09209321DC13EFB0057302F /* Build configuration list for PBXProject "Dricom" */;
			compatibilityVersion = "Xcode 3.2";
			developmentRegion = English;
			hasScannedForEncodings = 0;
			knownRegions = (
				en,
				Base,
			);
			mainGroup = F092092E1DC13EFB0057302F;
			productRefGroup = F09209381DC13EFB0057302F /* Products */;
			projectDirPath = "";
			projectRoot = "";
			targets = (
				F09209361DC13EFB0057302F /* Dricom */,
			);
		};
/* End PBXProject section */

/* Begin PBXResourcesBuildPhase section */
		F09209351DC13EFB0057302F /* Resources */ = {
			isa = PBXResourcesBuildPhase;
			buildActionMask = 2147483647;
			files = (
				F021D6CA1DD8879400F50091 /* Podfile in Resources */,
				F09209451DC13EFB0057302F /* LaunchScreen.storyboard in Resources */,
				F09209421DC13EFB0057302F /* Assets.xcassets in Resources */,
			);
			runOnlyForDeploymentPostprocessing = 0;
		};
/* End PBXResourcesBuildPhase section */

/* Begin PBXShellScriptBuildPhase section */
		09816CE5E51C7FF88FF5C28C /* [CP] Embed Pods Frameworks */ = {
			isa = PBXShellScriptBuildPhase;
			buildActionMask = 2147483647;
			files = (
			);
			inputPaths = (
			);
			name = "[CP] Embed Pods Frameworks";
			outputPaths = (
			);
			runOnlyForDeploymentPostprocessing = 0;
			shellPath = /bin/sh;
			shellScript = "\"${SRCROOT}/Pods/Target Support Files/Pods-Dricom/Pods-Dricom-frameworks.sh\"\n";
			showEnvVarsInLog = 0;
		};
		2F81E5BBC8557FDD40633FCE /* [CP] Check Pods Manifest.lock */ = {
			isa = PBXShellScriptBuildPhase;
			buildActionMask = 2147483647;
			files = (
			);
			inputPaths = (
			);
			name = "[CP] Check Pods Manifest.lock";
			outputPaths = (
			);
			runOnlyForDeploymentPostprocessing = 0;
			shellPath = /bin/sh;
			shellScript = "diff \"${PODS_ROOT}/../Podfile.lock\" \"${PODS_ROOT}/Manifest.lock\" > /dev/null\nif [ $? != 0 ] ; then\n    # print error to STDERR\n    echo \"error: The sandbox is not in sync with the Podfile.lock. Run 'pod install' or update your CocoaPods installation.\" >&2\n    exit 1\nfi\n";
			showEnvVarsInLog = 0;
		};
		BD886E7D33C4FD76B619FEBD /* [CP] Copy Pods Resources */ = {
			isa = PBXShellScriptBuildPhase;
			buildActionMask = 2147483647;
			files = (
			);
			inputPaths = (
			);
			name = "[CP] Copy Pods Resources";
			outputPaths = (
			);
			runOnlyForDeploymentPostprocessing = 0;
			shellPath = /bin/sh;
			shellScript = "\"${SRCROOT}/Pods/Target Support Files/Pods-Dricom/Pods-Dricom-resources.sh\"\n";
			showEnvVarsInLog = 0;
		};
/* End PBXShellScriptBuildPhase section */

/* Begin PBXSourcesBuildPhase section */
		F09209331DC13EFB0057302F /* Sources */ = {
			isa = PBXSourcesBuildPhase;
			buildActionMask = 2147483647;
			files = (
				F0A115351DC6309F00A4DC76 /* ServiceFactory.swift in Sources */,
				F0823DB71DE9D929007BD04D /* ActivityDisplayable.swift in Sources */,
				F076D6411DCF67F200E3ED0F /* LoginAssemblyImpl.swift in Sources */,
				F021D6A21DD7A61900F50091 /* MailComposerAssemblyImpl.swift in Sources */,
				F076D67F1DCFAEF400E3ED0F /* ViewControllerPosition.swift in Sources */,
				F076D6551DCF6D2000E3ED0F /* MessageDisplayable.swift in Sources */,
				F076D6701DCF6F3800E3ED0F /* SequenceTypeExtensions.swift in Sources */,
				F0A115761DC6863E00A4DC76 /* CGPoint+Extension.swift in Sources */,
				F076D6721DCF6F3800E3ED0F /* StringExtension.swift in Sources */,
				F076D6471DCF67F200E3ED0F /* LoginRouterImpl.swift in Sources */,
				F0D0385D1DD3AE0500E0085D /* FeedbackRouterImpl.swift in Sources */,
				F021D6BF1DD7B99300F50091 /* RegisterAssemblyImpl.swift in Sources */,
				F0D0385B1DD3AE0500E0085D /* FeedbackPresenter.swift in Sources */,
				F0823DD11DE9EEA2007BD04D /* MainPageInteractorImpl.swift in Sources */,
				F0A115161DC6229500A4DC76 /* BaseViewController.swift in Sources */,
				F021D6C11DD7B99300F50091 /* RegisterInteractorImpl.swift in Sources */,
				F08BE1A61DC9326A00243B56 /* ImageButtonView.swift in Sources */,
				F0A115611DC6385400A4DC76 /* RouterFocusable.swift in Sources */,
				F076D6431DCF67F200E3ED0F /* LoginInteractorImpl.swift in Sources */,
				F0A1152D1DC62CB300A4DC76 /* RegistrationService.swift in Sources */,
				F09209A61DC14A7F0057302F /* ApplicationPresenter.swift in Sources */,
				F076D6581DCF6E2F00E3ED0F /* StandardAlert.swift in Sources */,
				F0D0385A1DD3AE0500E0085D /* FeedbackModule.swift in Sources */,
				F0A115801DC6863E00A4DC76 /* UIView+Size.swift in Sources */,
				F021D6A51DD7A6E300F50091 /* MailComposeDelegateService.swift in Sources */,
				F0A1157F1DC6863E00A4DC76 /* UIView+Resizing.swift in Sources */,
				F021D6CF1DD8914200F50091 /* RouterCameraShowable.swift in Sources */,
				F021D7A51DDF1B3D00F50091 /* RegisterInputField.swift in Sources */,
				F021D6BE1DD7B99300F50091 /* RegisterAssembly.swift in Sources */,
				F021D6CD1DD88D6100F50091 /* SpecSizes.swift in Sources */,
				F09209A11DC14A7F0057302F /* ApplicationAssembly.swift in Sources */,
				F09209A31DC14A7F0057302F /* ApplicationInteractor.swift in Sources */,
				F021D7A71DE0DF3500F50091 /* ContentScrollingViewController.swift in Sources */,
				F0F434131DD11A7100F278BD /* AuthorizationService.swift in Sources */,
				F021D69B1DD7A43A00F50091 /* SupportMessageData.swift in Sources */,
				F09209821DC146300057302F /* AppDelegate.swift in Sources */,
				F0F434081DD10CAB00F278BD /* AlertDisplayable.swift in Sources */,
				F021D6E91DD8925B00F50091 /* CameraRouter.swift in Sources */,
				F076D6451DCF67F200E3ED0F /* LoginPresenter.swift in Sources */,
				F076D67B1DCF87D300E3ED0F /* TextFieldView.swift in Sources */,
				F0823DCF1DE9EEA2007BD04D /* MainPageAssemblyImpl.swift in Sources */,
				F0D0385F1DD3AE0500E0085D /* FeedbackViewController.swift in Sources */,
				F0A1157D1DC6863E00A4DC76 /* UIView+Layout.swift in Sources */,
				F021D6A31DD7A61900F50091 /* MailComposerAssembly.swift in Sources */,
				F076D67D1DCF8F4900E3ED0F /* DoneButtonAccessoryView.swift in Sources */,
				F0D038561DD3AE0500E0085D /* FeedbackAssembly.swift in Sources */,
				F09209B61DC150CB0057302F /* AssemblyFactoryImpl.swift in Sources */,
				F0823DD01DE9EEA2007BD04D /* MainPageInteractor.swift in Sources */,
				F0A1157C1DC6863E00A4DC76 /* UIImageExtension.swift in Sources */,
				F0F434111DD119EE00F278BD /* ViewDebugAuthorizationService.swift in Sources */,
				F0A1155E1DC637C600A4DC76 /* DisposeBag.swift in Sources */,
				F0A1152B1DC62C8000A4DC76 /* ViewDebugRegistrationService.swift in Sources */,
				F0823DD41DE9EEA2007BD04D /* MainPageRouter.swift in Sources */,
				F0D038591DD3AE0500E0085D /* FeedbackInteractorImpl.swift in Sources */,
				F076D6421DCF67F200E3ED0F /* LoginInteractor.swift in Sources */,
				F0823DCE1DE9EEA2007BD04D /* MainPageAssembly.swift in Sources */,
				F021D6E51DD8925B00F50091 /* CameraInteractor.swift in Sources */,
				F076D66F1DCF6F3800E3ED0F /* RangeExtension.swift in Sources */,
				F0A1155F1DC637C600A4DC76 /* DisposeBagHolder.swift in Sources */,
				F09209A21DC14A7F0057302F /* ApplicationAssemblyImpl.swift in Sources */,
				F0A115891DC6914100A4DC76 /* CrossFadePushTransition.swift in Sources */,
				F0A115851DC68DF500A4DC76 /* ViewLifecycleObservable.swift in Sources */,
				F0823DD51DE9EEA2007BD04D /* MainPageRouterImpl.swift in Sources */,
				F021D6E31DD8925B00F50091 /* CameraAssembly.swift in Sources */,
				F021D6ED1DD8925B00F50091 /* CameraViewInput.swift in Sources */,
				F021D6C31DD7B99300F50091 /* RegisterPresenter.swift in Sources */,
				F021D6E71DD8925B00F50091 /* CameraModule.swift in Sources */,
				F021D6C71DD7B99300F50091 /* RegisterViewController.swift in Sources */,
				F0D038601DD3AE0500E0085D /* FeedbackViewInput.swift in Sources */,
				F0A115651DC67F8400A4DC76 /* RadialGradientView.swift in Sources */,
				F076D6791DCF7DD200E3ED0F /* UIView+FindFirstResponder.swift in Sources */,
				F076D66C1DCF6F3800E3ED0F /* DictionaryExtensions.swift in Sources */,
				F076D66E1DCF6F3800E3ED0F /* OptionalsExtensions.swift in Sources */,
				F076D6461DCF67F200E3ED0F /* LoginRouter.swift in Sources */,
				F09209B41DC1502B0057302F /* AssemblyFactory.swift in Sources */,
				F076D6441DCF67F200E3ED0F /* LoginModule.swift in Sources */,
				F0A1151A1DC622D900A4DC76 /* BaseNavigationController.swift in Sources */,
				F09209B81DC1513B0057302F /* BaseRouter.swift in Sources */,
				F0D038571DD3AE0500E0085D /* FeedbackAssemblyImpl.swift in Sources */,
				F021D6C51DD7B99300F50091 /* RegisterRouterImpl.swift in Sources */,
				F0823DBA1DE9DA10007BD04D /* StandardPreloaderView.swift in Sources */,
				F021D7161DDE420100F50091 /* PHAssetUtilities.swift in Sources */,
				F0A115821DC6897300A4DC76 /* SpecColors.swift in Sources */,
				F0A115301DC62D2000A4DC76 /* DataResult.swift in Sources */,
				F076D6401DCF67F200E3ED0F /* LoginAssembly.swift in Sources */,
				F021D6C41DD7B99300F50091 /* RegisterRouter.swift in Sources */,
				F021D6C81DD7B99300F50091 /* RegisterViewInput.swift in Sources */,
				F076D66B1DCF6F3800E3ED0F /* CollectionsExtensions.swift in Sources */,
				F0823DD31DE9EEA2007BD04D /* MainPagePresenter.swift in Sources */,
				F076D64C1DCF684A00E3ED0F /* ModuleFocusable.swift in Sources */,
				F021D7A91DE0E63F00F50091 /* RegisterDataValidationService.swift in Sources */,
				F021D6E61DD8925B00F50091 /* CameraInteractorImpl.swift in Sources */,
				F076D6481DCF67F200E3ED0F /* LoginView.swift in Sources */,
				F0D038581DD3AE0500E0085D /* FeedbackInteractor.swift in Sources */,
				F021D6F31DDDB5E600F50091 /* CameraPreviewView.swift in Sources */,
				F01398E51DF43D8300E4F188 /* User.swift in Sources */,
				F076D6711DCF6F3800E3ED0F /* String+Pluralization.swift in Sources */,
				F076D6491DCF67F200E3ED0F /* LoginViewController.swift in Sources */,
				F021D6C21DD7B99300F50091 /* RegisterModule.swift in Sources */,
				F076D66A1DCF6F3800E3ED0F /* AppMetadataExtension.swift in Sources */,
				F076D6771DCF762700E3ED0F /* ContentScrollingView.swift in Sources */,
				F0823DD81DE9EEA2007BD04D /* MainPageViewInput.swift in Sources */,
				F021D6C01DD7B99300F50091 /* RegisterInteractor.swift in Sources */,
				F021D6E41DD8925B00F50091 /* CameraAssemblyImpl.swift in Sources */,
				F0A1157E1DC6863E00A4DC76 /* UIView+Properties.swift in Sources */,
				F0A1157A1DC6863E00A4DC76 /* UIColorExtension.swift in Sources */,
				F076D66D1DCF6F3800E3ED0F /* NumbersExtension.swift in Sources */,
				F0A115871DC68E1D00A4DC76 /* ViewControllerTransition.swift in Sources */,
				F0D0385E1DD3AE0500E0085D /* FeedbackView.swift in Sources */,
				F09209A81DC14A7F0057302F /* ApplicationRouterImpl.swift in Sources */,
				F021D6EB1DD8925B00F50091 /* CameraView.swift in Sources */,
				F0D038621DD3AFA100E0085D /* RouterFeedbackShowable.swift in Sources */,
				F09209A41DC14A7F0057302F /* ApplicationInteractorImpl.swift in Sources */,
				F076D6751DCF6FC500E3ED0F /* NSURLPathComponents.swift in Sources */,
				F09209BD1DC1524E0057302F /* BaseAssembly.swift in Sources */,
				F0823DD61DE9EEA2007BD04D /* MainPageView.swift in Sources */,
				F0A115241DC629CE00A4DC76 /* SessionInfo.swift in Sources */,
				F09209A71DC14A7F0057302F /* ApplicationRouter.swift in Sources */,
				F0A115331DC62DB600A4DC76 /* NetworkError.swift in Sources */,
				F0823DD71DE9EEA2007BD04D /* MainPageViewController.swift in Sources */,
				F021D6E81DD8925B00F50091 /* CameraPresenter.swift in Sources */,
				F021D6EA1DD8925B00F50091 /* CameraRouterImpl.swift in Sources */,
				F0A115381DC630DD00A4DC76 /* ViewDebugServiceFactory.swift in Sources */,
				F076D6531DCF6CFB00E3ED0F /* ModuleDismissable.swift in Sources */,
				F021D6EF1DDDB4E600F50091 /* CameraPreviewViewController.swift in Sources */,
				F076D64A1DCF67F200E3ED0F /* LoginViewInput.swift in Sources */,
				F021D6C61DD7B99300F50091 /* RegisterView.swift in Sources */,
				F0A115771DC6863E00A4DC76 /* CGRectLayoutExtension.swift in Sources */,
				F076D6731DCF6F3800E3ED0F /* StringExtensions.swift in Sources */,
				F0D0385C1DD3AE0500E0085D /* FeedbackRouter.swift in Sources */,
				F0A115631DC63A8700A4DC76 /* MainFlowController.swift in Sources */,
				F0A115781DC6863E00A4DC76 /* CGSizeLayoutExtension.swift in Sources */,
				F076D6511DCF6A0000E3ED0F /* RouterDismissable.swift in Sources */,
				F021D6EC1DD8925B00F50091 /* CameraViewController.swift in Sources */,
				F0A1157B1DC6863E00A4DC76 /* UIEdgeInsetsLayoutExtension.swift in Sources */,
				F0F4340B1DD10CC500F278BD /* WindowWaiter.swift in Sources */,
				F08BE1A41DC926B600243B56 /* SpecMargins.swift in Sources */,
				F08BE1A21DC9265000243B56 /* ActionButtonView.swift in Sources */,
			);
			runOnlyForDeploymentPostprocessing = 0;
		};
/* End PBXSourcesBuildPhase section */

/* Begin PBXVariantGroup section */
		F09209431DC13EFB0057302F /* LaunchScreen.storyboard */ = {
			isa = PBXVariantGroup;
			children = (
				F09209441DC13EFB0057302F /* Base */,
			);
			name = LaunchScreen.storyboard;
			sourceTree = "<group>";
		};
/* End PBXVariantGroup section */

/* Begin XCBuildConfiguration section */
		F09209471DC13EFB0057302F /* Debug */ = {
			isa = XCBuildConfiguration;
			buildSettings = {
				ALWAYS_SEARCH_USER_PATHS = NO;
				CLANG_ANALYZER_NONNULL = YES;
				CLANG_CXX_LANGUAGE_STANDARD = "gnu++0x";
				CLANG_CXX_LIBRARY = "libc++";
				CLANG_ENABLE_MODULES = YES;
				CLANG_ENABLE_OBJC_ARC = YES;
				CLANG_WARN_BOOL_CONVERSION = YES;
				CLANG_WARN_CONSTANT_CONVERSION = YES;
				CLANG_WARN_DIRECT_OBJC_ISA_USAGE = YES_ERROR;
				CLANG_WARN_DOCUMENTATION_COMMENTS = YES;
				CLANG_WARN_EMPTY_BODY = YES;
				CLANG_WARN_ENUM_CONVERSION = YES;
				CLANG_WARN_INFINITE_RECURSION = YES;
				CLANG_WARN_INT_CONVERSION = YES;
				CLANG_WARN_OBJC_ROOT_CLASS = YES_ERROR;
				CLANG_WARN_SUSPICIOUS_MOVE = YES;
				CLANG_WARN_SUSPICIOUS_MOVES = YES;
				CLANG_WARN_UNREACHABLE_CODE = YES;
				CLANG_WARN__DUPLICATE_METHOD_MATCH = YES;
				"CODE_SIGN_IDENTITY[sdk=iphoneos*]" = "iPhone Developer";
				COPY_PHASE_STRIP = NO;
				DEBUG_INFORMATION_FORMAT = dwarf;
				ENABLE_STRICT_OBJC_MSGSEND = YES;
				ENABLE_TESTABILITY = YES;
				GCC_C_LANGUAGE_STANDARD = gnu99;
				GCC_DYNAMIC_NO_PIC = NO;
				GCC_NO_COMMON_BLOCKS = YES;
				GCC_OPTIMIZATION_LEVEL = 0;
				GCC_PREPROCESSOR_DEFINITIONS = (
					"DEBUG=1",
					"$(inherited)",
				);
				GCC_WARN_64_TO_32_BIT_CONVERSION = YES;
				GCC_WARN_ABOUT_RETURN_TYPE = YES_ERROR;
				GCC_WARN_UNDECLARED_SELECTOR = YES;
				GCC_WARN_UNINITIALIZED_AUTOS = YES_AGGRESSIVE;
				GCC_WARN_UNUSED_FUNCTION = YES;
				GCC_WARN_UNUSED_VARIABLE = YES;
				IPHONEOS_DEPLOYMENT_TARGET = 10.0;
				MTL_ENABLE_DEBUG_INFO = YES;
				ONLY_ACTIVE_ARCH = YES;
				SDKROOT = iphoneos;
				SWIFT_ACTIVE_COMPILATION_CONDITIONS = DEBUG;
				SWIFT_OPTIMIZATION_LEVEL = "-Onone";
			};
			name = Debug;
		};
		F09209481DC13EFB0057302F /* Release */ = {
			isa = XCBuildConfiguration;
			buildSettings = {
				ALWAYS_SEARCH_USER_PATHS = NO;
				CLANG_ANALYZER_NONNULL = YES;
				CLANG_CXX_LANGUAGE_STANDARD = "gnu++0x";
				CLANG_CXX_LIBRARY = "libc++";
				CLANG_ENABLE_MODULES = YES;
				CLANG_ENABLE_OBJC_ARC = YES;
				CLANG_WARN_BOOL_CONVERSION = YES;
				CLANG_WARN_CONSTANT_CONVERSION = YES;
				CLANG_WARN_DIRECT_OBJC_ISA_USAGE = YES_ERROR;
				CLANG_WARN_DOCUMENTATION_COMMENTS = YES;
				CLANG_WARN_EMPTY_BODY = YES;
				CLANG_WARN_ENUM_CONVERSION = YES;
				CLANG_WARN_INFINITE_RECURSION = YES;
				CLANG_WARN_INT_CONVERSION = YES;
				CLANG_WARN_OBJC_ROOT_CLASS = YES_ERROR;
				CLANG_WARN_SUSPICIOUS_MOVE = YES;
				CLANG_WARN_SUSPICIOUS_MOVES = YES;
				CLANG_WARN_UNREACHABLE_CODE = YES;
				CLANG_WARN__DUPLICATE_METHOD_MATCH = YES;
				"CODE_SIGN_IDENTITY[sdk=iphoneos*]" = "iPhone Developer";
				COPY_PHASE_STRIP = NO;
				DEBUG_INFORMATION_FORMAT = "dwarf-with-dsym";
				ENABLE_NS_ASSERTIONS = NO;
				ENABLE_STRICT_OBJC_MSGSEND = YES;
				GCC_C_LANGUAGE_STANDARD = gnu99;
				GCC_NO_COMMON_BLOCKS = YES;
				GCC_WARN_64_TO_32_BIT_CONVERSION = YES;
				GCC_WARN_ABOUT_RETURN_TYPE = YES_ERROR;
				GCC_WARN_UNDECLARED_SELECTOR = YES;
				GCC_WARN_UNINITIALIZED_AUTOS = YES_AGGRESSIVE;
				GCC_WARN_UNUSED_FUNCTION = YES;
				GCC_WARN_UNUSED_VARIABLE = YES;
				IPHONEOS_DEPLOYMENT_TARGET = 10.0;
				MTL_ENABLE_DEBUG_INFO = NO;
				SDKROOT = iphoneos;
				SWIFT_OPTIMIZATION_LEVEL = "-Owholemodule";
				VALIDATE_PRODUCT = YES;
			};
			name = Release;
		};
		F092094A1DC13EFB0057302F /* Debug */ = {
			isa = XCBuildConfiguration;
			baseConfigurationReference = 4DB1949EEFE9AB53D8BFFE3D /* Pods-Dricom.debug.xcconfig */;
			buildSettings = {
				ALWAYS_EMBED_SWIFT_STANDARD_LIBRARIES = YES;
				ASSETCATALOG_COMPILER_APPICON_NAME = AppIcon;
				DEVELOPMENT_TEAM = RU54DQG53V;
				INFOPLIST_FILE = Dricom/Info.plist;
				IPHONEOS_DEPLOYMENT_TARGET = 8.0;
				LD_RUNPATH_SEARCH_PATHS = "$(inherited) @executable_path/Frameworks";
				OTHER_SWIFT_FLAGS = "-Onone";
				PRODUCT_BUNDLE_IDENTIFIER = ru.dricom.app;
				PRODUCT_NAME = "$(TARGET_NAME)";
				PROVISIONING_PROFILE = "ac0cfbe4-86ab-496e-af00-c0d7374cc701";
				PROVISIONING_PROFILE_SPECIFIER = "Dricom Dev";
				SWIFT_OPTIMIZATION_LEVEL = "-Owholemodule";
				SWIFT_VERSION = 3.0;
			};
			name = Debug;
		};
		F092094B1DC13EFB0057302F /* Release */ = {
			isa = XCBuildConfiguration;
			baseConfigurationReference = 3CEAD0BF03CF89749F61C8F2 /* Pods-Dricom.release.xcconfig */;
			buildSettings = {
				ALWAYS_EMBED_SWIFT_STANDARD_LIBRARIES = YES;
				ASSETCATALOG_COMPILER_APPICON_NAME = AppIcon;
				DEVELOPMENT_TEAM = "";
				INFOPLIST_FILE = Dricom/Info.plist;
				IPHONEOS_DEPLOYMENT_TARGET = 8.0;
				LD_RUNPATH_SEARCH_PATHS = "$(inherited) @executable_path/Frameworks";
				PRODUCT_BUNDLE_IDENTIFIER = ru.dricom.app;
				PRODUCT_NAME = "$(TARGET_NAME)";
				SWIFT_OPTIMIZATION_LEVEL = "-Owholemodule";
				SWIFT_VERSION = 3.0;
			};
			name = Release;
		};
/* End XCBuildConfiguration section */

/* Begin XCConfigurationList section */
		F09209321DC13EFB0057302F /* Build configuration list for PBXProject "Dricom" */ = {
			isa = XCConfigurationList;
			buildConfigurations = (
				F09209471DC13EFB0057302F /* Debug */,
				F09209481DC13EFB0057302F /* Release */,
			);
			defaultConfigurationIsVisible = 0;
			defaultConfigurationName = Release;
		};
		F09209491DC13EFB0057302F /* Build configuration list for PBXNativeTarget "Dricom" */ = {
			isa = XCConfigurationList;
			buildConfigurations = (
				F092094A1DC13EFB0057302F /* Debug */,
				F092094B1DC13EFB0057302F /* Release */,
			);
			defaultConfigurationIsVisible = 0;
			defaultConfigurationName = Release;
		};
/* End XCConfigurationList section */
	};
	rootObject = F092092F1DC13EFB0057302F /* Project object */;
}
