PODS:
  - Alamofire (4.0.0)
  - AlamofireImage (3.0.0):
    - Alamofire (~> 4.0)
  - CryptoSwift (0.6.7)
  - FastttCamera (0.3.4):
    - FastttCamera/Default (= 0.3.4)
  - FastttCamera/Default (0.3.4)
  - ImageSource (1.0.0):
    - ImageSource/Core (= 1.0.0)
    - ImageSource/Local (= 1.0.0)
    - ImageSource/PHAsset (= 1.0.0)
    - ImageSource/Remote (= 1.0.0)
    - ImageSource/UIKit (= 1.0.0)
  - ImageSource/Core (1.0.0)
  - ImageSource/Local (1.0.0):
    - ImageSource/Core
  - ImageSource/PHAsset (1.0.0):
    - ImageSource/Core
  - ImageSource/Remote (1.0.0):
    - ImageSource/Core
    - ImageSource/Remote/SDWebImage (= 1.0.0)
    - ImageSource/UIKit
  - ImageSource/Remote/SDWebImage (1.0.0):
    - ImageSource/Core
    - ImageSource/UIKit
    - SDWebImage (~> 3.8)
  - ImageSource/UIKit (1.0.0):
    - ImageSource/Core
  - JNWSpringAnimation (0.7.1)
  - KeychainAccess (3.0.1)
  - Paparazzo/Core (1.0.0):
    - ImageSource
    - JNWSpringAnimation
    - SDWebImage (~> 3.8)
  - SDWebImage (3.8.2):
    - SDWebImage/Core (= 3.8.2)
  - SDWebImage/Core (3.8.2)
  - Unbox (2.4.0)

DEPENDENCIES:
  - Alamofire (from `https://github.com/avito-tech/Alamofire`)
  - AlamofireImage (from `https://github.com/avito-tech/AlamofireImage`)
  - CryptoSwift
  - FastttCamera
  - KeychainAccess
  - Paparazzo/Core
  - Unbox

EXTERNAL SOURCES:
  Alamofire:
    :git: https://github.com/avito-tech/Alamofire
  AlamofireImage:
    :git: https://github.com/avito-tech/AlamofireImage

CHECKOUT OPTIONS:
  Alamofire:
    :commit: 601754aa1dd07f821eff7b9603e4668f644fde4c
    :git: https://github.com/avito-tech/Alamofire
  AlamofireImage:
    :commit: e7854e483da8447a0ab4604e13338072316c4535
    :git: https://github.com/avito-tech/AlamofireImage

SPEC CHECKSUMS:
  Alamofire: 29102f79068e4769ded8aec795a792f11da018a6
  AlamofireImage: e2176b92a7374745f03661d740cc4bb35e874d7d
  CryptoSwift: 685ae257941e5447474348a2b545583e1a16b573
  FastttCamera: 51f16712cbd5bdb08bc6231b957325c6be5e478d
  ImageSource: 81419e0abad686305b19d148c72d8fc9d094dddd
  JNWSpringAnimation: cd4c2f4464324f63f176c3624ffccf205211a100
  KeychainAccess: 017ea25e313a49eda10bb19b0bb0760fb1edfe1a
  Paparazzo: 3ec4e4455fba14d48dd073f1ccb200d33f2cedbb
  SDWebImage: '098e97e6176540799c27e804c96653ee0833d13c'
  Unbox: c8b2ab69d3337597b4a3f47a0538807dc12db670

PODFILE CHECKSUM: b7760457479cfe68baba8864a8a45fdefafb194b

COCOAPODS: 1.2.1
