PODS:
  - Alamofire (4.4.0)
  - AlamofireImage (3.2.0):
    - Alamofire (~> 4.1)
  - CryptoSwift (0.6.8)
  - FastttCamera (0.3.4):
    - FastttCamera/Default (= 0.3.4)
  - FastttCamera/Default (0.3.4)
  - ImageSource (1.0.0):
    - ImageSource/Core (= 1.0.0)
    - ImageSource/Local (= 1.0.0)
    - ImageSource/PHAsset (= 1.0.0)
    - ImageSource/Remote (= 1.0.0)
    - ImageSource/UIKit (= 1.0.0)
  - ImageSource/Core (1.0.0)
  - ImageSource/Local (1.0.0):
    - ImageSource/Core
  - ImageSource/PHAsset (1.0.0):
    - ImageSource/Core
  - ImageSource/Remote (1.0.0):
    - ImageSource/Core
    - ImageSource/Remote/SDWebImage (= 1.0.0)
    - ImageSource/UIKit
  - ImageSource/Remote/SDWebImage (1.0.0):
    - ImageSource/Core
    - ImageSource/UIKit
    - SDWebImage (~> 3.8)
  - ImageSource/UIKit (1.0.0):
    - ImageSource/Core
  - JNWSpringAnimation (0.7.1)
  - KeychainAccess (3.0.1)
  - Paparazzo/Core (1.0.0):
    - ImageSource
    - JNWSpringAnimation
    - SDWebImage (~> 3.8)
  - SDWebImage (3.8.2):
    - SDWebImage/Core (= 3.8.2)
  - SDWebImage/Core (3.8.2)
  - Unbox (2.4.0)

DEPENDENCIES:
  - Alamofire
  - AlamofireImage
  - CryptoSwift
  - FastttCamera
  - KeychainAccess
  - Paparazzo/Core
  - Unbox

SPEC CHECKSUMS:
  Alamofire: dc44b1600b800eb63da6a19039a0083d62a6a62d
  AlamofireImage: 157ed682cc81d3b9db4fb90c1f12180ac552d93b
  CryptoSwift: f21ea03ed3a94e79d241648ce26652cd4810508a
  FastttCamera: 51f16712cbd5bdb08bc6231b957325c6be5e478d
  ImageSource: 81419e0abad686305b19d148c72d8fc9d094dddd
  JNWSpringAnimation: cd4c2f4464324f63f176c3624ffccf205211a100
  KeychainAccess: 017ea25e313a49eda10bb19b0bb0760fb1edfe1a
  Paparazzo: 3ec4e4455fba14d48dd073f1ccb200d33f2cedbb
  SDWebImage: '098e97e6176540799c27e804c96653ee0833d13c'
  Unbox: c8b2ab69d3337597b4a3f47a0538807dc12db670

PODFILE CHECKSUM: 26efec8bb349d99aef8658d6f2016ebf8045cbff

COCOAPODS: 1.2.1
